PODS:
  - AFoundation (0.1.2)
  - AUIKit (1.0.0)

DEPENDENCIES:
  - AFoundation (from `https://github.com/ihormyroniuk/AFoundation`, commit `e92cd825e4fb73f70fa572f8dd0739dc56b472c3`)
  - AUIKit (from `https://github.com/ihormyroniuk/AUIKit`, commit `8d86107474ef16ee366c017ebe573c9938a1bd32`)

EXTERNAL SOURCES:
  AFoundation:
    :commit: e92cd825e4fb73f70fa572f8dd0739dc56b472c3
    :git: https://github.com/ihormyroniuk/AFoundation
  AUIKit:
    :commit: 8d86107474ef16ee366c017ebe573c9938a1bd32
    :git: https://github.com/ihormyroniuk/AUIKit

CHECKOUT OPTIONS:
  AFoundation:
    :commit: e92cd825e4fb73f70fa572f8dd0739dc56b472c3
    :git: https://github.com/ihormyroniuk/AFoundation
  AUIKit:
    :commit: 8d86107474ef16ee366c017ebe573c9938a1bd32
    :git: https://github.com/ihormyroniuk/AUIKit

SPEC CHECKSUMS:
  AFoundation: 92592f523d7a2d8748e77dd649047abba07a17fd
  AUIKit: 1f146cf9d07e7241c2318521cfea313467732d34

PODFILE CHECKSUM: 477ab6d5e1e1b2ce14886be6ea4e6c20d2a8d766

COCOAPODS: 1.9.1
