PODS:
  - AFoundation (0.1.2)
  - AUIKit (1.0.0)

DEPENDENCIES:
  - AFoundation (from `https://github.com/ihormyroniuk/AFoundation`, commit `242383657b75a2418cd1d1e03bf1dea5902ae764`)
  - AUIKit (from `https://github.com/ihormyroniuk/AUIKit`, commit `8d86107474ef16ee366c017ebe573c9938a1bd32`)

EXTERNAL SOURCES:
  AFoundation:
    :commit: 242383657b75a2418cd1d1e03bf1dea5902ae764
    :git: https://github.com/ihormyroniuk/AFoundation
  AUIKit:
    :commit: 8d86107474ef16ee366c017ebe573c9938a1bd32
    :git: https://github.com/ihormyroniuk/AUIKit

CHECKOUT OPTIONS:
  AFoundation:
    :commit: 242383657b75a2418cd1d1e03bf1dea5902ae764
    :git: https://github.com/ihormyroniuk/AFoundation
  AUIKit:
    :commit: 8d86107474ef16ee366c017ebe573c9938a1bd32
    :git: https://github.com/ihormyroniuk/AUIKit

SPEC CHECKSUMS:
  AFoundation: 92592f523d7a2d8748e77dd649047abba07a17fd
  AUIKit: 1f146cf9d07e7241c2318521cfea313467732d34

PODFILE CHECKSUM: 5c3518a7cff351734cf0a305f3a52b6da3ddb4e3

COCOAPODS: 1.9.1
