// !$*UTF8*$!
{
	archiveVersion = 1;
	classes = {
	};
	objectVersion = 51;
	objects = {

/* Begin PBXBuildFile section */
		33114E75242B7ABD00B246BB /* AUIKit.framework in Frameworks */ = {isa = PBXBuildFile; fileRef = 33114E74242B7ABD00B246BB /* AUIKit.framework */; };
		33114E79242B7BF400B246BB /* Application.swift in Sources */ = {isa = PBXBuildFile; fileRef = 33114E78242B7BF400B246BB /* Application.swift */; };
		33114E7B242B7C5B00B246BB /* main.swift in Sources */ = {isa = PBXBuildFile; fileRef = 33114E7A242B7C5B00B246BB /* main.swift */; };
		33114EAF242B84AB00B246BB /* AckeeCookbookIOSTaskPresentation.h in Headers */ = {isa = PBXBuildFile; fileRef = 33114EAD242B84AB00B246BB /* AckeeCookbookIOSTaskPresentation.h */; settings = {ATTRIBUTES = (Public, ); }; };
		33114EB2242B84AB00B246BB /* AckeeCookbookIOSTaskPresentation.framework in Frameworks */ = {isa = PBXBuildFile; fileRef = 33114EAB242B84AB00B246BB /* AckeeCookbookIOSTaskPresentation.framework */; };
		33114EB3242B84AB00B246BB /* AckeeCookbookIOSTaskPresentation.framework in Embed Frameworks */ = {isa = PBXBuildFile; fileRef = 33114EAB242B84AB00B246BB /* AckeeCookbookIOSTaskPresentation.framework */; settings = {ATTRIBUTES = (CodeSignOnCopy, RemoveHeadersOnCopy, ); }; };
		33114EB9242B85EF00B246BB /* Presentation.swift in Sources */ = {isa = PBXBuildFile; fileRef = 33114EB8242B85EF00B246BB /* Presentation.swift */; };
		33114EBA242B860F00B246BB /* AUIKit.framework in Frameworks */ = {isa = PBXBuildFile; fileRef = 33114E74242B7ABD00B246BB /* AUIKit.framework */; };
		33114EBF242B8A6C00B246BB /* IPhonePresentation.swift in Sources */ = {isa = PBXBuildFile; fileRef = 33114EBE242B8A6C00B246BB /* IPhonePresentation.swift */; };
		33114EC1242B8AFE00B246BB /* RecipesListScreenView.swift in Sources */ = {isa = PBXBuildFile; fileRef = 33114EC0242B8AFE00B246BB /* RecipesListScreenView.swift */; };
		33114EC3242B8B3000B246BB /* RecipesListScreenController.swift in Sources */ = {isa = PBXBuildFile; fileRef = 33114EC2242B8B3000B246BB /* RecipesListScreenController.swift */; };
		33114ECE242BD06700B246BB /* AckeeCookbookIOSTaskWebAPI.h in Headers */ = {isa = PBXBuildFile; fileRef = 33114ECC242BD06700B246BB /* AckeeCookbookIOSTaskWebAPI.h */; settings = {ATTRIBUTES = (Public, ); }; };
		33114ED1242BD06700B246BB /* AckeeCookbookIOSTaskWebAPI.framework in Frameworks */ = {isa = PBXBuildFile; fileRef = 33114ECA242BD06700B246BB /* AckeeCookbookIOSTaskWebAPI.framework */; };
		33114ED2242BD06700B246BB /* AckeeCookbookIOSTaskWebAPI.framework in Embed Frameworks */ = {isa = PBXBuildFile; fileRef = 33114ECA242BD06700B246BB /* AckeeCookbookIOSTaskWebAPI.framework */; settings = {ATTRIBUTES = (CodeSignOnCopy, RemoveHeadersOnCopy, ); }; };
		3318C35D2434D8F8009201E7 /* WebAPIError.swift in Sources */ = {isa = PBXBuildFile; fileRef = 3318C35C2434D8F8009201E7 /* WebAPIError.swift */; };
		3318C35F2434D924009201E7 /* StructureWebAPIError.swift in Sources */ = {isa = PBXBuildFile; fileRef = 3318C35E2434D924009201E7 /* StructureWebAPIError.swift */; };
		331A5E582432A077008AFDE0 /* AddRecipeScreen.swift in Sources */ = {isa = PBXBuildFile; fileRef = 331A5E572432A077008AFDE0 /* AddRecipeScreen.swift */; };
		331A5E5A2432A095008AFDE0 /* AddRecipeScreenController.swift in Sources */ = {isa = PBXBuildFile; fileRef = 331A5E592432A095008AFDE0 /* AddRecipeScreenController.swift */; };
		331A5E5C2432A0A0008AFDE0 /* AddRecipeScreenView.swift in Sources */ = {isa = PBXBuildFile; fileRef = 331A5E5B2432A0A0008AFDE0 /* AddRecipeScreenView.swift */; };
		331A5E5E2432A0BF008AFDE0 /* AddRecipeScreenStrings.strings in Resources */ = {isa = PBXBuildFile; fileRef = 331A5E5D2432A0BF008AFDE0 /* AddRecipeScreenStrings.strings */; };
		331E368E24337E640085B08D /* CreatingRecipe.swift in Sources */ = {isa = PBXBuildFile; fileRef = 331E368D24337E640085B08D /* CreatingRecipe.swift */; };
		331E369024337FCE0085B08D /* StructureCreatingRecipe.swift in Sources */ = {isa = PBXBuildFile; fileRef = 331E368F24337FCE0085B08D /* StructureCreatingRecipe.swift */; };
		33296F9B2435052000A6948D /* UnknownError.swift in Sources */ = {isa = PBXBuildFile; fileRef = 33296F9A2435052000A6948D /* UnknownError.swift */; };
		33296F9D2435055F00A6948D /* JSONParsingError.swift in Sources */ = {isa = PBXBuildFile; fileRef = 33296F9C2435055F00A6948D /* JSONParsingError.swift */; };
		333A4204243649E500170AA2 /* RecipeListItemCollectionViewCell.swift in Sources */ = {isa = PBXBuildFile; fileRef = 333A4203243649E500170AA2 /* RecipeListItemCollectionViewCell.swift */; };
		333A42062436501900170AA2 /* TextViewInputView.swift in Sources */ = {isa = PBXBuildFile; fileRef = 333A42052436501900170AA2 /* TextViewInputView.swift */; };
		333F23EC242D155C00728DA8 /* AckeeCookbookIOSTaskBusiness.h in Headers */ = {isa = PBXBuildFile; fileRef = 333F23EA242D155C00728DA8 /* AckeeCookbookIOSTaskBusiness.h */; settings = {ATTRIBUTES = (Public, ); }; };
		333F23EF242D155C00728DA8 /* AckeeCookbookIOSTaskBusiness.framework in Frameworks */ = {isa = PBXBuildFile; fileRef = 333F23E8242D155C00728DA8 /* AckeeCookbookIOSTaskBusiness.framework */; };
		333F23F0242D155C00728DA8 /* AckeeCookbookIOSTaskBusiness.framework in Embed Frameworks */ = {isa = PBXBuildFile; fileRef = 333F23E8242D155C00728DA8 /* AckeeCookbookIOSTaskBusiness.framework */; settings = {ATTRIBUTES = (CodeSignOnCopy, RemoveHeadersOnCopy, ); }; };
		333F23FB242D426100728DA8 /* RecipeInList.swift in Sources */ = {isa = PBXBuildFile; fileRef = 333F23FA242D426100728DA8 /* RecipeInList.swift */; };
		333F23FD242D45BB00728DA8 /* StructureRecipeInList.swift in Sources */ = {isa = PBXBuildFile; fileRef = 333F23FC242D45BB00728DA8 /* StructureRecipeInList.swift */; };
		334D9D3A242EA9B900B92997 /* ScreenViewWithNavigationBar.swift in Sources */ = {isa = PBXBuildFile; fileRef = 334D9D39242EA9B900B92997 /* ScreenViewWithNavigationBar.swift */; };
		334D9D3C242EAACE00B92997 /* RecipesListScreen.swift in Sources */ = {isa = PBXBuildFile; fileRef = 334D9D3B242EAACE00B92997 /* RecipesListScreen.swift */; };
		334EE48A24326CDB00833180 /* WebAPI.swift in Sources */ = {isa = PBXBuildFile; fileRef = 334EE48924326CDB00833180 /* WebAPI.swift */; };
		334EE48C24326D5B00833180 /* URLSessionSharedWebAPI.swift in Sources */ = {isa = PBXBuildFile; fileRef = 334EE48B24326D5B00833180 /* URLSessionSharedWebAPI.swift */; };
		335246D82430C8F700E4B6C8 /* AFoundation.framework in Frameworks */ = {isa = PBXBuildFile; fileRef = 335246D72430C8F700E4B6C8 /* AFoundation.framework */; };
		335246D92430C8F700E4B6C8 /* AFoundation.framework in Embed Frameworks */ = {isa = PBXBuildFile; fileRef = 335246D72430C8F700E4B6C8 /* AFoundation.framework */; settings = {ATTRIBUTES = (CodeSignOnCopy, RemoveHeadersOnCopy, ); }; };
		335246DB2430C96B00E4B6C8 /* RecipesListScreenStrins.strings in Resources */ = {isa = PBXBuildFile; fileRef = 335246DA2430C96B00E4B6C8 /* RecipesListScreenStrins.strings */; };
		335246DD2431082700E4B6C8 /* Pictures.xcassets in Resources */ = {isa = PBXBuildFile; fileRef = 335246DC2431082700E4B6C8 /* Pictures.xcassets */; };
		3356139D2433AB2A008337AA /* Recipe.swift in Sources */ = {isa = PBXBuildFile; fileRef = 3356139C2433AB2A008337AA /* Recipe.swift */; };
		3356139F2433B025008337AA /* RecipeStructure.swift in Sources */ = {isa = PBXBuildFile; fileRef = 3356139E2433B025008337AA /* RecipeStructure.swift */; };
		335D14D52438F98000BAB922 /* ScoreStarsView.swift in Sources */ = {isa = PBXBuildFile; fileRef = 335D14D42438F98000BAB922 /* ScoreStarsView.swift */; };
		3367D6ED242836940053A509 /* Assets.xcassets in Resources */ = {isa = PBXBuildFile; fileRef = 3367D6EC242836940053A509 /* Assets.xcassets */; };
		3367D6F0242836940053A509 /* LaunchScreen.storyboard in Resources */ = {isa = PBXBuildFile; fileRef = 3367D6EE242836940053A509 /* LaunchScreen.storyboard */; };
/* End PBXBuildFile section */

/* Begin PBXContainerItemProxy section */
		33114EB0242B84AB00B246BB /* PBXContainerItemProxy */ = {
			isa = PBXContainerItemProxy;
			containerPortal = 3367D6D8242836930053A509 /* Project object */;
			proxyType = 1;
			remoteGlobalIDString = 33114EAA242B84AB00B246BB;
			remoteInfo = AckeeCookbookIOSTaskPresentation;
		};
		33114ECF242BD06700B246BB /* PBXContainerItemProxy */ = {
			isa = PBXContainerItemProxy;
			containerPortal = 3367D6D8242836930053A509 /* Project object */;
			proxyType = 1;
			remoteGlobalIDString = 33114EC9242BD06700B246BB;
			remoteInfo = AckeeCookbookIOSTaskWebAPI;
		};
		333F23ED242D155C00728DA8 /* PBXContainerItemProxy */ = {
			isa = PBXContainerItemProxy;
			containerPortal = 3367D6D8242836930053A509 /* Project object */;
			proxyType = 1;
			remoteGlobalIDString = 333F23E7242D155C00728DA8;
			remoteInfo = AckeeCookbookIOSTaskBusiness;
		};
/* End PBXContainerItemProxy section */

/* Begin PBXCopyFilesBuildPhase section */
		33114EB4242B84AB00B246BB /* Embed Frameworks */ = {
			isa = PBXCopyFilesBuildPhase;
			buildActionMask = 2147483647;
			dstPath = "";
			dstSubfolderSpec = 10;
			files = (
				33114ED2242BD06700B246BB /* AckeeCookbookIOSTaskWebAPI.framework in Embed Frameworks */,
				335246D92430C8F700E4B6C8 /* AFoundation.framework in Embed Frameworks */,
				33114EB3242B84AB00B246BB /* AckeeCookbookIOSTaskPresentation.framework in Embed Frameworks */,
				333F23F0242D155C00728DA8 /* AckeeCookbookIOSTaskBusiness.framework in Embed Frameworks */,
			);
			name = "Embed Frameworks";
			runOnlyForDeploymentPostprocessing = 0;
		};
/* End PBXCopyFilesBuildPhase section */

/* Begin PBXFileReference section */
		33114E74242B7ABD00B246BB /* AUIKit.framework */ = {isa = PBXFileReference; lastKnownFileType = wrapper.framework; name = AUIKit.framework; path = Carthage/Build/iOS/AUIKit.framework; sourceTree = "<group>"; };
		33114E78242B7BF400B246BB /* Application.swift */ = {isa = PBXFileReference; lastKnownFileType = sourcecode.swift; path = Application.swift; sourceTree = "<group>"; };
		33114E7A242B7C5B00B246BB /* main.swift */ = {isa = PBXFileReference; lastKnownFileType = sourcecode.swift; path = main.swift; sourceTree = "<group>"; };
		33114EAB242B84AB00B246BB /* AckeeCookbookIOSTaskPresentation.framework */ = {isa = PBXFileReference; explicitFileType = wrapper.framework; includeInIndex = 0; path = AckeeCookbookIOSTaskPresentation.framework; sourceTree = BUILT_PRODUCTS_DIR; };
		33114EAD242B84AB00B246BB /* AckeeCookbookIOSTaskPresentation.h */ = {isa = PBXFileReference; lastKnownFileType = sourcecode.c.h; path = AckeeCookbookIOSTaskPresentation.h; sourceTree = "<group>"; };
		33114EAE242B84AB00B246BB /* Info.plist */ = {isa = PBXFileReference; lastKnownFileType = text.plist.xml; path = Info.plist; sourceTree = "<group>"; };
		33114EB8242B85EF00B246BB /* Presentation.swift */ = {isa = PBXFileReference; lastKnownFileType = sourcecode.swift; path = Presentation.swift; sourceTree = "<group>"; };
		33114EBE242B8A6C00B246BB /* IPhonePresentation.swift */ = {isa = PBXFileReference; lastKnownFileType = sourcecode.swift; path = IPhonePresentation.swift; sourceTree = "<group>"; };
		33114EC0242B8AFE00B246BB /* RecipesListScreenView.swift */ = {isa = PBXFileReference; lastKnownFileType = sourcecode.swift; path = RecipesListScreenView.swift; sourceTree = "<group>"; };
		33114EC2242B8B3000B246BB /* RecipesListScreenController.swift */ = {isa = PBXFileReference; lastKnownFileType = sourcecode.swift; path = RecipesListScreenController.swift; sourceTree = "<group>"; };
		33114ECA242BD06700B246BB /* AckeeCookbookIOSTaskWebAPI.framework */ = {isa = PBXFileReference; explicitFileType = wrapper.framework; includeInIndex = 0; path = AckeeCookbookIOSTaskWebAPI.framework; sourceTree = BUILT_PRODUCTS_DIR; };
		33114ECC242BD06700B246BB /* AckeeCookbookIOSTaskWebAPI.h */ = {isa = PBXFileReference; lastKnownFileType = sourcecode.c.h; path = AckeeCookbookIOSTaskWebAPI.h; sourceTree = "<group>"; };
		33114ECD242BD06700B246BB /* Info.plist */ = {isa = PBXFileReference; lastKnownFileType = text.plist.xml; path = Info.plist; sourceTree = "<group>"; };
		3318C35C2434D8F8009201E7 /* WebAPIError.swift */ = {isa = PBXFileReference; lastKnownFileType = sourcecode.swift; path = WebAPIError.swift; sourceTree = "<group>"; };
		3318C35E2434D924009201E7 /* StructureWebAPIError.swift */ = {isa = PBXFileReference; lastKnownFileType = sourcecode.swift; path = StructureWebAPIError.swift; sourceTree = "<group>"; };
		331A5E572432A077008AFDE0 /* AddRecipeScreen.swift */ = {isa = PBXFileReference; lastKnownFileType = sourcecode.swift; path = AddRecipeScreen.swift; sourceTree = "<group>"; };
		331A5E592432A095008AFDE0 /* AddRecipeScreenController.swift */ = {isa = PBXFileReference; lastKnownFileType = sourcecode.swift; path = AddRecipeScreenController.swift; sourceTree = "<group>"; };
		331A5E5B2432A0A0008AFDE0 /* AddRecipeScreenView.swift */ = {isa = PBXFileReference; lastKnownFileType = sourcecode.swift; path = AddRecipeScreenView.swift; sourceTree = "<group>"; };
		331A5E5D2432A0BF008AFDE0 /* AddRecipeScreenStrings.strings */ = {isa = PBXFileReference; lastKnownFileType = text.plist.strings; path = AddRecipeScreenStrings.strings; sourceTree = "<group>"; };
		331E368D24337E640085B08D /* CreatingRecipe.swift */ = {isa = PBXFileReference; lastKnownFileType = sourcecode.swift; path = CreatingRecipe.swift; sourceTree = "<group>"; };
		331E368F24337FCE0085B08D /* StructureCreatingRecipe.swift */ = {isa = PBXFileReference; lastKnownFileType = sourcecode.swift; path = StructureCreatingRecipe.swift; sourceTree = "<group>"; };
		33296F9A2435052000A6948D /* UnknownError.swift */ = {isa = PBXFileReference; lastKnownFileType = sourcecode.swift; path = UnknownError.swift; sourceTree = "<group>"; };
		33296F9C2435055F00A6948D /* JSONParsingError.swift */ = {isa = PBXFileReference; lastKnownFileType = sourcecode.swift; path = JSONParsingError.swift; sourceTree = "<group>"; };
		333A4203243649E500170AA2 /* RecipeListItemCollectionViewCell.swift */ = {isa = PBXFileReference; lastKnownFileType = sourcecode.swift; path = RecipeListItemCollectionViewCell.swift; sourceTree = "<group>"; };
		333A42052436501900170AA2 /* TextViewInputView.swift */ = {isa = PBXFileReference; lastKnownFileType = sourcecode.swift; path = TextViewInputView.swift; sourceTree = "<group>"; };
		333F23E8242D155C00728DA8 /* AckeeCookbookIOSTaskBusiness.framework */ = {isa = PBXFileReference; explicitFileType = wrapper.framework; includeInIndex = 0; path = AckeeCookbookIOSTaskBusiness.framework; sourceTree = BUILT_PRODUCTS_DIR; };
		333F23EA242D155C00728DA8 /* AckeeCookbookIOSTaskBusiness.h */ = {isa = PBXFileReference; lastKnownFileType = sourcecode.c.h; path = AckeeCookbookIOSTaskBusiness.h; sourceTree = "<group>"; };
		333F23EB242D155C00728DA8 /* Info.plist */ = {isa = PBXFileReference; lastKnownFileType = text.plist.xml; path = Info.plist; sourceTree = "<group>"; };
		333F23FA242D426100728DA8 /* RecipeInList.swift */ = {isa = PBXFileReference; lastKnownFileType = sourcecode.swift; path = RecipeInList.swift; sourceTree = "<group>"; };
		333F23FC242D45BB00728DA8 /* StructureRecipeInList.swift */ = {isa = PBXFileReference; lastKnownFileType = sourcecode.swift; path = StructureRecipeInList.swift; sourceTree = "<group>"; };
		334D9D39242EA9B900B92997 /* ScreenViewWithNavigationBar.swift */ = {isa = PBXFileReference; lastKnownFileType = sourcecode.swift; path = ScreenViewWithNavigationBar.swift; sourceTree = "<group>"; };
		334D9D3B242EAACE00B92997 /* RecipesListScreen.swift */ = {isa = PBXFileReference; lastKnownFileType = sourcecode.swift; path = RecipesListScreen.swift; sourceTree = "<group>"; };
		334EE48924326CDB00833180 /* WebAPI.swift */ = {isa = PBXFileReference; lastKnownFileType = sourcecode.swift; path = WebAPI.swift; sourceTree = "<group>"; };
		334EE48B24326D5B00833180 /* URLSessionSharedWebAPI.swift */ = {isa = PBXFileReference; lastKnownFileType = sourcecode.swift; path = URLSessionSharedWebAPI.swift; sourceTree = "<group>"; };
		335246D72430C8F700E4B6C8 /* AFoundation.framework */ = {isa = PBXFileReference; lastKnownFileType = wrapper.framework; name = AFoundation.framework; path = Carthage/Build/iOS/AFoundation.framework; sourceTree = "<group>"; };
		335246DA2430C96B00E4B6C8 /* RecipesListScreenStrins.strings */ = {isa = PBXFileReference; lastKnownFileType = text.plist.strings; path = RecipesListScreenStrins.strings; sourceTree = "<group>"; };
		335246DC2431082700E4B6C8 /* Pictures.xcassets */ = {isa = PBXFileReference; lastKnownFileType = folder.assetcatalog; path = Pictures.xcassets; sourceTree = "<group>"; };
		3356139C2433AB2A008337AA /* Recipe.swift */ = {isa = PBXFileReference; lastKnownFileType = sourcecode.swift; path = Recipe.swift; sourceTree = "<group>"; };
		3356139E2433B025008337AA /* RecipeStructure.swift */ = {isa = PBXFileReference; lastKnownFileType = sourcecode.swift; path = RecipeStructure.swift; sourceTree = "<group>"; };
		335D14D42438F98000BAB922 /* ScoreStarsView.swift */ = {isa = PBXFileReference; lastKnownFileType = sourcecode.swift; path = ScoreStarsView.swift; sourceTree = "<group>"; };
		3367D6E0242836930053A509 /* AckeeCookbookIOSTask.app */ = {isa = PBXFileReference; explicitFileType = wrapper.application; includeInIndex = 0; path = AckeeCookbookIOSTask.app; sourceTree = BUILT_PRODUCTS_DIR; };
		3367D6EC242836940053A509 /* Assets.xcassets */ = {isa = PBXFileReference; lastKnownFileType = folder.assetcatalog; path = Assets.xcassets; sourceTree = "<group>"; };
		3367D6EF242836940053A509 /* Base */ = {isa = PBXFileReference; lastKnownFileType = file.storyboard; name = Base; path = Base.lproj/LaunchScreen.storyboard; sourceTree = "<group>"; };
		3367D6F1242836940053A509 /* Info.plist */ = {isa = PBXFileReference; lastKnownFileType = text.plist.xml; path = Info.plist; sourceTree = "<group>"; };
/* End PBXFileReference section */

/* Begin PBXFrameworksBuildPhase section */
		33114EA8242B84AB00B246BB /* Frameworks */ = {
			isa = PBXFrameworksBuildPhase;
			buildActionMask = 2147483647;
			files = (
				33114EBA242B860F00B246BB /* AUIKit.framework in Frameworks */,
			);
			runOnlyForDeploymentPostprocessing = 0;
		};
		33114EC7242BD06700B246BB /* Frameworks */ = {
			isa = PBXFrameworksBuildPhase;
			buildActionMask = 2147483647;
			files = (
			);
			runOnlyForDeploymentPostprocessing = 0;
		};
		333F23E5242D155C00728DA8 /* Frameworks */ = {
			isa = PBXFrameworksBuildPhase;
			buildActionMask = 2147483647;
			files = (
			);
			runOnlyForDeploymentPostprocessing = 0;
		};
		3367D6DD242836930053A509 /* Frameworks */ = {
			isa = PBXFrameworksBuildPhase;
			buildActionMask = 2147483647;
			files = (
				333F23EF242D155C00728DA8 /* AckeeCookbookIOSTaskBusiness.framework in Frameworks */,
				335246D82430C8F700E4B6C8 /* AFoundation.framework in Frameworks */,
				33114ED1242BD06700B246BB /* AckeeCookbookIOSTaskWebAPI.framework in Frameworks */,
				33114EB2242B84AB00B246BB /* AckeeCookbookIOSTaskPresentation.framework in Frameworks */,
				33114E75242B7ABD00B246BB /* AUIKit.framework in Frameworks */,
			);
			runOnlyForDeploymentPostprocessing = 0;
		};
/* End PBXFrameworksBuildPhase section */

/* Begin PBXGroup section */
		33114E73242B7ABD00B246BB /* Frameworks */ = {
			isa = PBXGroup;
			children = (
				335246D72430C8F700E4B6C8 /* AFoundation.framework */,
				33114E74242B7ABD00B246BB /* AUIKit.framework */,
			);
			name = Frameworks;
			sourceTree = "<group>";
		};
		33114EAC242B84AB00B246BB /* AckeeCookbookIOSTaskPresentation */ = {
			isa = PBXGroup;
			children = (
				33114EB8242B85EF00B246BB /* Presentation.swift */,
				33114EBE242B8A6C00B246BB /* IPhonePresentation.swift */,
				33114EBD242B8A3800B246BB /* Screens */,
				335D14D22438F90800BAB922 /* Components */,
				335246DC2431082700E4B6C8 /* Pictures.xcassets */,
				33114EAD242B84AB00B246BB /* AckeeCookbookIOSTaskPresentation.h */,
				33114EAE242B84AB00B246BB /* Info.plist */,
			);
			path = AckeeCookbookIOSTaskPresentation;
			sourceTree = "<group>";
		};
		33114EBD242B8A3800B246BB /* Screens */ = {
			isa = PBXGroup;
			children = (
				334D9D39242EA9B900B92997 /* ScreenViewWithNavigationBar.swift */,
				33114EC4242B900800B246BB /* RecipesList */,
				331A5E562432A026008AFDE0 /* AddRecipe */,
			);
			path = Screens;
			sourceTree = "<group>";
		};
		33114EC4242B900800B246BB /* RecipesList */ = {
			isa = PBXGroup;
			children = (
				334D9D3B242EAACE00B92997 /* RecipesListScreen.swift */,
				33114EC2242B8B3000B246BB /* RecipesListScreenController.swift */,
				33114EC0242B8AFE00B246BB /* RecipesListScreenView.swift */,
				333A4203243649E500170AA2 /* RecipeListItemCollectionViewCell.swift */,
				335246DA2430C96B00E4B6C8 /* RecipesListScreenStrins.strings */,
			);
			path = RecipesList;
			sourceTree = "<group>";
		};
		33114ECB242BD06700B246BB /* AckeeCookbookIOSTaskWebAPI */ = {
			isa = PBXGroup;
			children = (
				334EE48924326CDB00833180 /* WebAPI.swift */,
				334EE48B24326D5B00833180 /* URLSessionSharedWebAPI.swift */,
				3318C35B2434D84E009201E7 /* Error */,
				33114ECC242BD06700B246BB /* AckeeCookbookIOSTaskWebAPI.h */,
				33114ECD242BD06700B246BB /* Info.plist */,
			);
			path = AckeeCookbookIOSTaskWebAPI;
			sourceTree = "<group>";
		};
		3318C35B2434D84E009201E7 /* Error */ = {
			isa = PBXGroup;
			children = (
				3318C35C2434D8F8009201E7 /* WebAPIError.swift */,
				3318C35E2434D924009201E7 /* StructureWebAPIError.swift */,
				33296F9A2435052000A6948D /* UnknownError.swift */,
				33296F9C2435055F00A6948D /* JSONParsingError.swift */,
			);
			path = Error;
			sourceTree = "<group>";
		};
		331A5E562432A026008AFDE0 /* AddRecipe */ = {
			isa = PBXGroup;
			children = (
				331A5E572432A077008AFDE0 /* AddRecipeScreen.swift */,
				331A5E592432A095008AFDE0 /* AddRecipeScreenController.swift */,
				331A5E5B2432A0A0008AFDE0 /* AddRecipeScreenView.swift */,
				331A5E5D2432A0BF008AFDE0 /* AddRecipeScreenStrings.strings */,
			);
			path = AddRecipe;
			sourceTree = "<group>";
		};
		331E368C24337E450085B08D /* CreatingRecipe */ = {
			isa = PBXGroup;
			children = (
				331E368D24337E640085B08D /* CreatingRecipe.swift */,
				331E368F24337FCE0085B08D /* StructureCreatingRecipe.swift */,
			);
			path = CreatingRecipe;
			sourceTree = "<group>";
		};
		333F23E9242D155C00728DA8 /* AckeeCookbookIOSTaskBusiness */ = {
			isa = PBXGroup;
			children = (
				3356139B2433AA8A008337AA /* Recipe */,
				331E368C24337E450085B08D /* CreatingRecipe */,
				333F23F7242D40FB00728DA8 /* RecipeInList */,
				333F23EA242D155C00728DA8 /* AckeeCookbookIOSTaskBusiness.h */,
				333F23EB242D155C00728DA8 /* Info.plist */,
			);
			path = AckeeCookbookIOSTaskBusiness;
			sourceTree = "<group>";
		};
		333F23F7242D40FB00728DA8 /* RecipeInList */ = {
			isa = PBXGroup;
			children = (
				333F23FA242D426100728DA8 /* RecipeInList.swift */,
				333F23FC242D45BB00728DA8 /* StructureRecipeInList.swift */,
			);
			path = RecipeInList;
			sourceTree = "<group>";
		};
		3356139B2433AA8A008337AA /* Recipe */ = {
			isa = PBXGroup;
			children = (
				3356139C2433AB2A008337AA /* Recipe.swift */,
				3356139E2433B025008337AA /* RecipeStructure.swift */,
			);
			path = Recipe;
			sourceTree = "<group>";
		};
		335D14D22438F90800BAB922 /* Components */ = {
			isa = PBXGroup;
			children = (
				333A42052436501900170AA2 /* TextViewInputView.swift */,
				335D14D32438F94E00BAB922 /* Score */,
			);
			path = Components;
			sourceTree = "<group>";
		};
		335D14D32438F94E00BAB922 /* Score */ = {
			isa = PBXGroup;
			children = (
				335D14D42438F98000BAB922 /* ScoreStarsView.swift */,
			);
			path = Score;
			sourceTree = "<group>";
		};
		3367D6D7242836930053A509 = {
			isa = PBXGroup;
			children = (
				3367D6E2242836930053A509 /* AckeeCookbookIOSTask */,
				33114EAC242B84AB00B246BB /* AckeeCookbookIOSTaskPresentation */,
				33114ECB242BD06700B246BB /* AckeeCookbookIOSTaskWebAPI */,
				333F23E9242D155C00728DA8 /* AckeeCookbookIOSTaskBusiness */,
				3367D6E1242836930053A509 /* Products */,
				33114E73242B7ABD00B246BB /* Frameworks */,
			);
			sourceTree = "<group>";
		};
		3367D6E1242836930053A509 /* Products */ = {
			isa = PBXGroup;
			children = (
				3367D6E0242836930053A509 /* AckeeCookbookIOSTask.app */,
				33114EAB242B84AB00B246BB /* AckeeCookbookIOSTaskPresentation.framework */,
				33114ECA242BD06700B246BB /* AckeeCookbookIOSTaskWebAPI.framework */,
				333F23E8242D155C00728DA8 /* AckeeCookbookIOSTaskBusiness.framework */,
			);
			name = Products;
			sourceTree = "<group>";
		};
		3367D6E2242836930053A509 /* AckeeCookbookIOSTask */ = {
			isa = PBXGroup;
			children = (
				33114E7A242B7C5B00B246BB /* main.swift */,
				33114E78242B7BF400B246BB /* Application.swift */,
				3367D6EC242836940053A509 /* Assets.xcassets */,
				3367D6EE242836940053A509 /* LaunchScreen.storyboard */,
				3367D6F1242836940053A509 /* Info.plist */,
			);
			path = AckeeCookbookIOSTask;
			sourceTree = "<group>";
		};
/* End PBXGroup section */

/* Begin PBXHeadersBuildPhase section */
		33114EA6242B84AB00B246BB /* Headers */ = {
			isa = PBXHeadersBuildPhase;
			buildActionMask = 2147483647;
			files = (
				33114EAF242B84AB00B246BB /* AckeeCookbookIOSTaskPresentation.h in Headers */,
			);
			runOnlyForDeploymentPostprocessing = 0;
		};
		33114EC5242BD06700B246BB /* Headers */ = {
			isa = PBXHeadersBuildPhase;
			buildActionMask = 2147483647;
			files = (
				33114ECE242BD06700B246BB /* AckeeCookbookIOSTaskWebAPI.h in Headers */,
			);
			runOnlyForDeploymentPostprocessing = 0;
		};
		333F23E3242D155C00728DA8 /* Headers */ = {
			isa = PBXHeadersBuildPhase;
			buildActionMask = 2147483647;
			files = (
				333F23EC242D155C00728DA8 /* AckeeCookbookIOSTaskBusiness.h in Headers */,
			);
			runOnlyForDeploymentPostprocessing = 0;
		};
/* End PBXHeadersBuildPhase section */

/* Begin PBXNativeTarget section */
		33114EAA242B84AB00B246BB /* AckeeCookbookIOSTaskPresentation */ = {
			isa = PBXNativeTarget;
			buildConfigurationList = 33114EB7242B84AB00B246BB /* Build configuration list for PBXNativeTarget "AckeeCookbookIOSTaskPresentation" */;
			buildPhases = (
				33114EA6242B84AB00B246BB /* Headers */,
				33114EA7242B84AB00B246BB /* Sources */,
				33114EA8242B84AB00B246BB /* Frameworks */,
				33114EA9242B84AB00B246BB /* Resources */,
			);
			buildRules = (
			);
			dependencies = (
			);
			name = AckeeCookbookIOSTaskPresentation;
			productName = AckeeCookbookIOSTaskPresentation;
			productReference = 33114EAB242B84AB00B246BB /* AckeeCookbookIOSTaskPresentation.framework */;
			productType = "com.apple.product-type.framework";
		};
		33114EC9242BD06700B246BB /* AckeeCookbookIOSTaskWebAPI */ = {
			isa = PBXNativeTarget;
			buildConfigurationList = 33114ED3242BD06700B246BB /* Build configuration list for PBXNativeTarget "AckeeCookbookIOSTaskWebAPI" */;
			buildPhases = (
				33114EC5242BD06700B246BB /* Headers */,
				33114EC6242BD06700B246BB /* Sources */,
				33114EC7242BD06700B246BB /* Frameworks */,
				33114EC8242BD06700B246BB /* Resources */,
			);
			buildRules = (
			);
			dependencies = (
			);
			name = AckeeCookbookIOSTaskWebAPI;
			productName = AckeeCookbookIOSTaskWebAPI;
			productReference = 33114ECA242BD06700B246BB /* AckeeCookbookIOSTaskWebAPI.framework */;
			productType = "com.apple.product-type.framework";
		};
		333F23E7242D155C00728DA8 /* AckeeCookbookIOSTaskBusiness */ = {
			isa = PBXNativeTarget;
			buildConfigurationList = 333F23F3242D155C00728DA8 /* Build configuration list for PBXNativeTarget "AckeeCookbookIOSTaskBusiness" */;
			buildPhases = (
				333F23E3242D155C00728DA8 /* Headers */,
				333F23E4242D155C00728DA8 /* Sources */,
				333F23E5242D155C00728DA8 /* Frameworks */,
				333F23E6242D155C00728DA8 /* Resources */,
			);
			buildRules = (
			);
			dependencies = (
			);
			name = AckeeCookbookIOSTaskBusiness;
			productName = AckeeCookbookIOSTaskBusiness;
			productReference = 333F23E8242D155C00728DA8 /* AckeeCookbookIOSTaskBusiness.framework */;
			productType = "com.apple.product-type.framework";
		};
		3367D6DF242836930053A509 /* AckeeCookbookIOSTask */ = {
			isa = PBXNativeTarget;
			buildConfigurationList = 3367D6F4242836940053A509 /* Build configuration list for PBXNativeTarget "AckeeCookbookIOSTask" */;
			buildPhases = (
				3367D6DC242836930053A509 /* Sources */,
				3367D6DD242836930053A509 /* Frameworks */,
				3367D6DE242836930053A509 /* Resources */,
				3364DF032429095300BF1C1E /* Run Script Carthage */,
				3364DF04242909BD00BF1C1E /* Run Script Carthage Outdated */,
				33114EB4242B84AB00B246BB /* Embed Frameworks */,
			);
			buildRules = (
			);
			dependencies = (
				33114EB1242B84AB00B246BB /* PBXTargetDependency */,
				33114ED0242BD06700B246BB /* PBXTargetDependency */,
				333F23EE242D155C00728DA8 /* PBXTargetDependency */,
			);
			name = AckeeCookbookIOSTask;
			productName = AckeeCookbookIOSTask;
			productReference = 3367D6E0242836930053A509 /* AckeeCookbookIOSTask.app */;
			productType = "com.apple.product-type.application";
		};
/* End PBXNativeTarget section */

/* Begin PBXProject section */
		3367D6D8242836930053A509 /* Project object */ = {
			isa = PBXProject;
			attributes = {
				LastSwiftUpdateCheck = 1120;
				LastUpgradeCheck = 1120;
				ORGANIZATIONNAME = "Ihor Myroniuk";
				TargetAttributes = {
					33114EAA242B84AB00B246BB = {
						CreatedOnToolsVersion = 11.2.1;
						LastSwiftMigration = 1120;
					};
					33114EC9242BD06700B246BB = {
						CreatedOnToolsVersion = 11.2.1;
						LastSwiftMigration = 1120;
					};
					333F23E7242D155C00728DA8 = {
						CreatedOnToolsVersion = 11.2.1;
						LastSwiftMigration = 1120;
					};
					3367D6DF242836930053A509 = {
						CreatedOnToolsVersion = 11.2.1;
					};
				};
			};
			buildConfigurationList = 3367D6DB242836930053A509 /* Build configuration list for PBXProject "AckeeCookbookIOSTask" */;
			compatibilityVersion = "Xcode 9.3";
			developmentRegion = en;
			hasScannedForEncodings = 0;
			knownRegions = (
				en,
				Base,
			);
			mainGroup = 3367D6D7242836930053A509;
			productRefGroup = 3367D6E1242836930053A509 /* Products */;
			projectDirPath = "";
			projectRoot = "";
			targets = (
				3367D6DF242836930053A509 /* AckeeCookbookIOSTask */,
				33114EAA242B84AB00B246BB /* AckeeCookbookIOSTaskPresentation */,
				33114EC9242BD06700B246BB /* AckeeCookbookIOSTaskWebAPI */,
				333F23E7242D155C00728DA8 /* AckeeCookbookIOSTaskBusiness */,
			);
		};
/* End PBXProject section */

/* Begin PBXResourcesBuildPhase section */
		33114EA9242B84AB00B246BB /* Resources */ = {
			isa = PBXResourcesBuildPhase;
			buildActionMask = 2147483647;
			files = (
				331A5E5E2432A0BF008AFDE0 /* AddRecipeScreenStrings.strings in Resources */,
				335246DD2431082700E4B6C8 /* Pictures.xcassets in Resources */,
				335246DB2430C96B00E4B6C8 /* RecipesListScreenStrins.strings in Resources */,
			);
			runOnlyForDeploymentPostprocessing = 0;
		};
		33114EC8242BD06700B246BB /* Resources */ = {
			isa = PBXResourcesBuildPhase;
			buildActionMask = 2147483647;
			files = (
			);
			runOnlyForDeploymentPostprocessing = 0;
		};
		333F23E6242D155C00728DA8 /* Resources */ = {
			isa = PBXResourcesBuildPhase;
			buildActionMask = 2147483647;
			files = (
			);
			runOnlyForDeploymentPostprocessing = 0;
		};
		3367D6DE242836930053A509 /* Resources */ = {
			isa = PBXResourcesBuildPhase;
			buildActionMask = 2147483647;
			files = (
				3367D6F0242836940053A509 /* LaunchScreen.storyboard in Resources */,
				3367D6ED242836940053A509 /* Assets.xcassets in Resources */,
			);
			runOnlyForDeploymentPostprocessing = 0;
		};
/* End PBXResourcesBuildPhase section */

/* Begin PBXShellScriptBuildPhase section */
		3364DF032429095300BF1C1E /* Run Script Carthage */ = {
			isa = PBXShellScriptBuildPhase;
			buildActionMask = 2147483647;
			files = (
			);
			inputFileListPaths = (
				"$(SRCROOT)/input.xcfilelist",
			);
			inputPaths = (
			);
			name = "Run Script Carthage";
			outputFileListPaths = (
				"$(SRCROOT)/output.xcfilelist",
			);
			outputPaths = (
			);
			runOnlyForDeploymentPostprocessing = 0;
			shellPath = /bin/sh;
			shellScript = "/usr/local/bin/carthage copy-frameworks\n";
		};
		3364DF04242909BD00BF1C1E /* Run Script Carthage Outdated */ = {
			isa = PBXShellScriptBuildPhase;
			buildActionMask = 2147483647;
			files = (
			);
			inputFileListPaths = (
			);
			inputPaths = (
			);
			name = "Run Script Carthage Outdated";
			outputFileListPaths = (
			);
			outputPaths = (
			);
			runOnlyForDeploymentPostprocessing = 0;
			shellPath = /bin/sh;
			shellScript = "/usr/local/bin/carthage outdated --xcode-warnings 2>/dev/null\n";
		};
/* End PBXShellScriptBuildPhase section */

/* Begin PBXSourcesBuildPhase section */
		33114EA7242B84AB00B246BB /* Sources */ = {
			isa = PBXSourcesBuildPhase;
			buildActionMask = 2147483647;
			files = (
				333A42062436501900170AA2 /* TextViewInputView.swift in Sources */,
				331A5E5C2432A0A0008AFDE0 /* AddRecipeScreenView.swift in Sources */,
				331A5E582432A077008AFDE0 /* AddRecipeScreen.swift in Sources */,
				33114EBF242B8A6C00B246BB /* IPhonePresentation.swift in Sources */,
				33114EC1242B8AFE00B246BB /* RecipesListScreenView.swift in Sources */,
				335D14D52438F98000BAB922 /* ScoreStarsView.swift in Sources */,
				334D9D3A242EA9B900B92997 /* ScreenViewWithNavigationBar.swift in Sources */,
				33114EB9242B85EF00B246BB /* Presentation.swift in Sources */,
				33114EC3242B8B3000B246BB /* RecipesListScreenController.swift in Sources */,
				333A4204243649E500170AA2 /* RecipeListItemCollectionViewCell.swift in Sources */,
				334D9D3C242EAACE00B92997 /* RecipesListScreen.swift in Sources */,
				331A5E5A2432A095008AFDE0 /* AddRecipeScreenController.swift in Sources */,
			);
			runOnlyForDeploymentPostprocessing = 0;
		};
		33114EC6242BD06700B246BB /* Sources */ = {
			isa = PBXSourcesBuildPhase;
			buildActionMask = 2147483647;
			files = (
				33296F9B2435052000A6948D /* UnknownError.swift in Sources */,
				3318C35F2434D924009201E7 /* StructureWebAPIError.swift in Sources */,
				3318C35D2434D8F8009201E7 /* WebAPIError.swift in Sources */,
				33296F9D2435055F00A6948D /* JSONParsingError.swift in Sources */,
				334EE48A24326CDB00833180 /* WebAPI.swift in Sources */,
				334EE48C24326D5B00833180 /* URLSessionSharedWebAPI.swift in Sources */,
			);
			runOnlyForDeploymentPostprocessing = 0;
		};
		333F23E4242D155C00728DA8 /* Sources */ = {
			isa = PBXSourcesBuildPhase;
			buildActionMask = 2147483647;
			files = (
				333F23FB242D426100728DA8 /* RecipeInList.swift in Sources */,
				331E368E24337E640085B08D /* CreatingRecipe.swift in Sources */,
				331E369024337FCE0085B08D /* StructureCreatingRecipe.swift in Sources */,
				333F23FD242D45BB00728DA8 /* StructureRecipeInList.swift in Sources */,
				3356139D2433AB2A008337AA /* Recipe.swift in Sources */,
				3356139F2433B025008337AA /* RecipeStructure.swift in Sources */,
			);
			runOnlyForDeploymentPostprocessing = 0;
		};
		3367D6DC242836930053A509 /* Sources */ = {
			isa = PBXSourcesBuildPhase;
			buildActionMask = 2147483647;
			files = (
				33114E79242B7BF400B246BB /* Application.swift in Sources */,
				33114E7B242B7C5B00B246BB /* main.swift in Sources */,
			);
			runOnlyForDeploymentPostprocessing = 0;
		};
/* End PBXSourcesBuildPhase section */

/* Begin PBXTargetDependency section */
		33114EB1242B84AB00B246BB /* PBXTargetDependency */ = {
			isa = PBXTargetDependency;
			target = 33114EAA242B84AB00B246BB /* AckeeCookbookIOSTaskPresentation */;
			targetProxy = 33114EB0242B84AB00B246BB /* PBXContainerItemProxy */;
		};
		33114ED0242BD06700B246BB /* PBXTargetDependency */ = {
			isa = PBXTargetDependency;
			target = 33114EC9242BD06700B246BB /* AckeeCookbookIOSTaskWebAPI */;
			targetProxy = 33114ECF242BD06700B246BB /* PBXContainerItemProxy */;
		};
		333F23EE242D155C00728DA8 /* PBXTargetDependency */ = {
			isa = PBXTargetDependency;
			target = 333F23E7242D155C00728DA8 /* AckeeCookbookIOSTaskBusiness */;
			targetProxy = 333F23ED242D155C00728DA8 /* PBXContainerItemProxy */;
		};
/* End PBXTargetDependency section */

/* Begin PBXVariantGroup section */
		3367D6EE242836940053A509 /* LaunchScreen.storyboard */ = {
			isa = PBXVariantGroup;
			children = (
				3367D6EF242836940053A509 /* Base */,
			);
			name = LaunchScreen.storyboard;
			sourceTree = "<group>";
		};
/* End PBXVariantGroup section */

/* Begin XCBuildConfiguration section */
		33114EB5242B84AB00B246BB /* Debug */ = {
			isa = XCBuildConfiguration;
			buildSettings = {
				CLANG_ENABLE_MODULES = YES;
				CODE_SIGN_STYLE = Automatic;
				CURRENT_PROJECT_VERSION = 1;
				DEFINES_MODULE = YES;
				DEVELOPMENT_TEAM = M4U9YFW795;
				DYLIB_COMPATIBILITY_VERSION = 1;
				DYLIB_CURRENT_VERSION = 1;
				DYLIB_INSTALL_NAME_BASE = "@rpath";
				FRAMEWORK_SEARCH_PATHS = (
					"$(inherited)",
					"$(PROJECT_DIR)/Carthage/Build/iOS",
				);
				INFOPLIST_FILE = AckeeCookbookIOSTaskPresentation/Info.plist;
				INSTALL_PATH = "$(LOCAL_LIBRARY_DIR)/Frameworks";
				IPHONEOS_DEPLOYMENT_TARGET = 10.0;
				LD_RUNPATH_SEARCH_PATHS = (
					"$(inherited)",
					"@executable_path/Frameworks",
					"@loader_path/Frameworks",
				);
				PRODUCT_BUNDLE_IDENTIFIER = me.ihormyroniuk.AckeeCookbookIOSTaskPresentation;
				PRODUCT_NAME = "$(TARGET_NAME:c99extidentifier)";
				SKIP_INSTALL = YES;
				SWIFT_OPTIMIZATION_LEVEL = "-Onone";
				SWIFT_VERSION = 5.0;
				TARGETED_DEVICE_FAMILY = "1,2";
				VERSIONING_SYSTEM = "apple-generic";
				VERSION_INFO_PREFIX = "";
			};
			name = Debug;
		};
		33114EB6242B84AB00B246BB /* Release */ = {
			isa = XCBuildConfiguration;
			buildSettings = {
				CLANG_ENABLE_MODULES = YES;
				CODE_SIGN_STYLE = Automatic;
				CURRENT_PROJECT_VERSION = 1;
				DEFINES_MODULE = YES;
				DEVELOPMENT_TEAM = M4U9YFW795;
				DYLIB_COMPATIBILITY_VERSION = 1;
				DYLIB_CURRENT_VERSION = 1;
				DYLIB_INSTALL_NAME_BASE = "@rpath";
				FRAMEWORK_SEARCH_PATHS = (
					"$(inherited)",
					"$(PROJECT_DIR)/Carthage/Build/iOS",
				);
				INFOPLIST_FILE = AckeeCookbookIOSTaskPresentation/Info.plist;
				INSTALL_PATH = "$(LOCAL_LIBRARY_DIR)/Frameworks";
				IPHONEOS_DEPLOYMENT_TARGET = 10.0;
				LD_RUNPATH_SEARCH_PATHS = (
					"$(inherited)",
					"@executable_path/Frameworks",
					"@loader_path/Frameworks",
				);
				PRODUCT_BUNDLE_IDENTIFIER = me.ihormyroniuk.AckeeCookbookIOSTaskPresentation;
				PRODUCT_NAME = "$(TARGET_NAME:c99extidentifier)";
				SKIP_INSTALL = YES;
				SWIFT_VERSION = 5.0;
				TARGETED_DEVICE_FAMILY = "1,2";
				VERSIONING_SYSTEM = "apple-generic";
				VERSION_INFO_PREFIX = "";
			};
			name = Release;
		};
		33114ED4242BD06700B246BB /* Debug */ = {
			isa = XCBuildConfiguration;
			buildSettings = {
				CLANG_ENABLE_MODULES = YES;
				CODE_SIGN_STYLE = Automatic;
				CURRENT_PROJECT_VERSION = 1;
				DEFINES_MODULE = YES;
				DEVELOPMENT_TEAM = M4U9YFW795;
				DYLIB_COMPATIBILITY_VERSION = 1;
				DYLIB_CURRENT_VERSION = 1;
				DYLIB_INSTALL_NAME_BASE = "@rpath";
				INFOPLIST_FILE = AckeeCookbookIOSTaskWebAPI/Info.plist;
				INSTALL_PATH = "$(LOCAL_LIBRARY_DIR)/Frameworks";
				IPHONEOS_DEPLOYMENT_TARGET = 10.0;
				LD_RUNPATH_SEARCH_PATHS = (
					"$(inherited)",
					"@executable_path/Frameworks",
					"@loader_path/Frameworks",
				);
				PRODUCT_BUNDLE_IDENTIFIER = me.ihormyroniuk.AckeeCookbookIOSTaskWebAPI;
				PRODUCT_NAME = "$(TARGET_NAME:c99extidentifier)";
				SKIP_INSTALL = YES;
				SWIFT_OPTIMIZATION_LEVEL = "-Onone";
				SWIFT_VERSION = 5.0;
				TARGETED_DEVICE_FAMILY = "1,2";
				VERSIONING_SYSTEM = "apple-generic";
				VERSION_INFO_PREFIX = "";
			};
			name = Debug;
		};
		33114ED5242BD06700B246BB /* Release */ = {
			isa = XCBuildConfiguration;
			buildSettings = {
				CLANG_ENABLE_MODULES = YES;
				CODE_SIGN_STYLE = Automatic;
				CURRENT_PROJECT_VERSION = 1;
				DEFINES_MODULE = YES;
				DEVELOPMENT_TEAM = M4U9YFW795;
				DYLIB_COMPATIBILITY_VERSION = 1;
				DYLIB_CURRENT_VERSION = 1;
				DYLIB_INSTALL_NAME_BASE = "@rpath";
				INFOPLIST_FILE = AckeeCookbookIOSTaskWebAPI/Info.plist;
				INSTALL_PATH = "$(LOCAL_LIBRARY_DIR)/Frameworks";
				IPHONEOS_DEPLOYMENT_TARGET = 10.0;
				LD_RUNPATH_SEARCH_PATHS = (
					"$(inherited)",
					"@executable_path/Frameworks",
					"@loader_path/Frameworks",
				);
				PRODUCT_BUNDLE_IDENTIFIER = me.ihormyroniuk.AckeeCookbookIOSTaskWebAPI;
				PRODUCT_NAME = "$(TARGET_NAME:c99extidentifier)";
				SKIP_INSTALL = YES;
				SWIFT_VERSION = 5.0;
				TARGETED_DEVICE_FAMILY = "1,2";
				VERSIONING_SYSTEM = "apple-generic";
				VERSION_INFO_PREFIX = "";
			};
			name = Release;
		};
		333F23F1242D155C00728DA8 /* Debug */ = {
			isa = XCBuildConfiguration;
			buildSettings = {
				CLANG_ENABLE_MODULES = YES;
				CODE_SIGN_STYLE = Automatic;
				CURRENT_PROJECT_VERSION = 1;
				DEFINES_MODULE = YES;
				DEVELOPMENT_TEAM = M4U9YFW795;
				DYLIB_COMPATIBILITY_VERSION = 1;
				DYLIB_CURRENT_VERSION = 1;
				DYLIB_INSTALL_NAME_BASE = "@rpath";
				INFOPLIST_FILE = AckeeCookbookIOSTaskBusiness/Info.plist;
				INSTALL_PATH = "$(LOCAL_LIBRARY_DIR)/Frameworks";
				IPHONEOS_DEPLOYMENT_TARGET = 10.0;
				LD_RUNPATH_SEARCH_PATHS = (
					"$(inherited)",
					"@executable_path/Frameworks",
					"@loader_path/Frameworks",
				);
				PRODUCT_BUNDLE_IDENTIFIER = me.ihormyroniuk.AckeeCookbookIOSTaskBusiness;
				PRODUCT_NAME = "$(TARGET_NAME:c99extidentifier)";
				SKIP_INSTALL = YES;
				SWIFT_OPTIMIZATION_LEVEL = "-Onone";
				SWIFT_VERSION = 5.0;
				TARGETED_DEVICE_FAMILY = "1,2";
				VERSIONING_SYSTEM = "apple-generic";
				VERSION_INFO_PREFIX = "";
			};
			name = Debug;
		};
		333F23F2242D155C00728DA8 /* Release */ = {
			isa = XCBuildConfiguration;
			buildSettings = {
				CLANG_ENABLE_MODULES = YES;
				CODE_SIGN_STYLE = Automatic;
				CURRENT_PROJECT_VERSION = 1;
				DEFINES_MODULE = YES;
				DEVELOPMENT_TEAM = M4U9YFW795;
				DYLIB_COMPATIBILITY_VERSION = 1;
				DYLIB_CURRENT_VERSION = 1;
				DYLIB_INSTALL_NAME_BASE = "@rpath";
				INFOPLIST_FILE = AckeeCookbookIOSTaskBusiness/Info.plist;
				INSTALL_PATH = "$(LOCAL_LIBRARY_DIR)/Frameworks";
				IPHONEOS_DEPLOYMENT_TARGET = 10.0;
				LD_RUNPATH_SEARCH_PATHS = (
					"$(inherited)",
					"@executable_path/Frameworks",
					"@loader_path/Frameworks",
				);
				PRODUCT_BUNDLE_IDENTIFIER = me.ihormyroniuk.AckeeCookbookIOSTaskBusiness;
				PRODUCT_NAME = "$(TARGET_NAME:c99extidentifier)";
				SKIP_INSTALL = YES;
				SWIFT_VERSION = 5.0;
				TARGETED_DEVICE_FAMILY = "1,2";
				VERSIONING_SYSTEM = "apple-generic";
				VERSION_INFO_PREFIX = "";
			};
			name = Release;
		};
		3367D6F2242836940053A509 /* Debug */ = {
			isa = XCBuildConfiguration;
			buildSettings = {
				ALWAYS_SEARCH_USER_PATHS = NO;
				CLANG_ANALYZER_NONNULL = YES;
				CLANG_ANALYZER_NUMBER_OBJECT_CONVERSION = YES_AGGRESSIVE;
				CLANG_CXX_LANGUAGE_STANDARD = "gnu++14";
				CLANG_CXX_LIBRARY = "libc++";
				CLANG_ENABLE_MODULES = YES;
				CLANG_ENABLE_OBJC_ARC = YES;
				CLANG_ENABLE_OBJC_WEAK = YES;
				CLANG_WARN_BLOCK_CAPTURE_AUTORELEASING = YES;
				CLANG_WARN_BOOL_CONVERSION = YES;
				CLANG_WARN_COMMA = YES;
				CLANG_WARN_CONSTANT_CONVERSION = YES;
				CLANG_WARN_DEPRECATED_OBJC_IMPLEMENTATIONS = YES;
				CLANG_WARN_DIRECT_OBJC_ISA_USAGE = YES_ERROR;
				CLANG_WARN_DOCUMENTATION_COMMENTS = YES;
				CLANG_WARN_EMPTY_BODY = YES;
				CLANG_WARN_ENUM_CONVERSION = YES;
				CLANG_WARN_INFINITE_RECURSION = YES;
				CLANG_WARN_INT_CONVERSION = YES;
				CLANG_WARN_NON_LITERAL_NULL_CONVERSION = YES;
				CLANG_WARN_OBJC_IMPLICIT_RETAIN_SELF = YES;
				CLANG_WARN_OBJC_LITERAL_CONVERSION = YES;
				CLANG_WARN_OBJC_ROOT_CLASS = YES_ERROR;
				CLANG_WARN_RANGE_LOOP_ANALYSIS = YES;
				CLANG_WARN_STRICT_PROTOTYPES = YES;
				CLANG_WARN_SUSPICIOUS_MOVE = YES;
				CLANG_WARN_UNGUARDED_AVAILABILITY = YES_AGGRESSIVE;
				CLANG_WARN_UNREACHABLE_CODE = YES;
				CLANG_WARN__DUPLICATE_METHOD_MATCH = YES;
				COPY_PHASE_STRIP = NO;
				DEBUG_INFORMATION_FORMAT = dwarf;
				ENABLE_STRICT_OBJC_MSGSEND = YES;
				ENABLE_TESTABILITY = YES;
				GCC_C_LANGUAGE_STANDARD = gnu11;
				GCC_DYNAMIC_NO_PIC = NO;
				GCC_NO_COMMON_BLOCKS = YES;
				GCC_OPTIMIZATION_LEVEL = 0;
				GCC_PREPROCESSOR_DEFINITIONS = (
					"DEBUG=1",
					"$(inherited)",
				);
				GCC_WARN_64_TO_32_BIT_CONVERSION = YES;
				GCC_WARN_ABOUT_RETURN_TYPE = YES_ERROR;
				GCC_WARN_UNDECLARED_SELECTOR = YES;
				GCC_WARN_UNINITIALIZED_AUTOS = YES_AGGRESSIVE;
				GCC_WARN_UNUSED_FUNCTION = YES;
				GCC_WARN_UNUSED_VARIABLE = YES;
				IPHONEOS_DEPLOYMENT_TARGET = 13.2;
				MTL_ENABLE_DEBUG_INFO = INCLUDE_SOURCE;
				MTL_FAST_MATH = YES;
				ONLY_ACTIVE_ARCH = YES;
				SDKROOT = iphoneos;
				SWIFT_ACTIVE_COMPILATION_CONDITIONS = DEBUG;
				SWIFT_OPTIMIZATION_LEVEL = "-Onone";
			};
			name = Debug;
		};
		3367D6F3242836940053A509 /* Release */ = {
			isa = XCBuildConfiguration;
			buildSettings = {
				ALWAYS_SEARCH_USER_PATHS = NO;
				CLANG_ANALYZER_NONNULL = YES;
				CLANG_ANALYZER_NUMBER_OBJECT_CONVERSION = YES_AGGRESSIVE;
				CLANG_CXX_LANGUAGE_STANDARD = "gnu++14";
				CLANG_CXX_LIBRARY = "libc++";
				CLANG_ENABLE_MODULES = YES;
				CLANG_ENABLE_OBJC_ARC = YES;
				CLANG_ENABLE_OBJC_WEAK = YES;
				CLANG_WARN_BLOCK_CAPTURE_AUTORELEASING = YES;
				CLANG_WARN_BOOL_CONVERSION = YES;
				CLANG_WARN_COMMA = YES;
				CLANG_WARN_CONSTANT_CONVERSION = YES;
				CLANG_WARN_DEPRECATED_OBJC_IMPLEMENTATIONS = YES;
				CLANG_WARN_DIRECT_OBJC_ISA_USAGE = YES_ERROR;
				CLANG_WARN_DOCUMENTATION_COMMENTS = YES;
				CLANG_WARN_EMPTY_BODY = YES;
				CLANG_WARN_ENUM_CONVERSION = YES;
				CLANG_WARN_INFINITE_RECURSION = YES;
				CLANG_WARN_INT_CONVERSION = YES;
				CLANG_WARN_NON_LITERAL_NULL_CONVERSION = YES;
				CLANG_WARN_OBJC_IMPLICIT_RETAIN_SELF = YES;
				CLANG_WARN_OBJC_LITERAL_CONVERSION = YES;
				CLANG_WARN_OBJC_ROOT_CLASS = YES_ERROR;
				CLANG_WARN_RANGE_LOOP_ANALYSIS = YES;
				CLANG_WARN_STRICT_PROTOTYPES = YES;
				CLANG_WARN_SUSPICIOUS_MOVE = YES;
				CLANG_WARN_UNGUARDED_AVAILABILITY = YES_AGGRESSIVE;
				CLANG_WARN_UNREACHABLE_CODE = YES;
				CLANG_WARN__DUPLICATE_METHOD_MATCH = YES;
				COPY_PHASE_STRIP = NO;
				DEBUG_INFORMATION_FORMAT = "dwarf-with-dsym";
				ENABLE_NS_ASSERTIONS = NO;
				ENABLE_STRICT_OBJC_MSGSEND = YES;
				GCC_C_LANGUAGE_STANDARD = gnu11;
				GCC_NO_COMMON_BLOCKS = YES;
				GCC_WARN_64_TO_32_BIT_CONVERSION = YES;
				GCC_WARN_ABOUT_RETURN_TYPE = YES_ERROR;
				GCC_WARN_UNDECLARED_SELECTOR = YES;
				GCC_WARN_UNINITIALIZED_AUTOS = YES_AGGRESSIVE;
				GCC_WARN_UNUSED_FUNCTION = YES;
				GCC_WARN_UNUSED_VARIABLE = YES;
				IPHONEOS_DEPLOYMENT_TARGET = 13.2;
				MTL_ENABLE_DEBUG_INFO = NO;
				MTL_FAST_MATH = YES;
				SDKROOT = iphoneos;
				SWIFT_COMPILATION_MODE = wholemodule;
				SWIFT_OPTIMIZATION_LEVEL = "-O";
				VALIDATE_PRODUCT = YES;
			};
			name = Release;
		};
		3367D6F5242836940053A509 /* Debug */ = {
			isa = XCBuildConfiguration;
			buildSettings = {
				ALWAYS_EMBED_SWIFT_STANDARD_LIBRARIES = YES;
				ASSETCATALOG_COMPILER_APPICON_NAME = AppIcon;
				CODE_SIGN_STYLE = Automatic;
				DEVELOPMENT_TEAM = M4U9YFW795;
				FRAMEWORK_SEARCH_PATHS = (
					"$(inherited)",
					"$(PROJECT_DIR)/Carthage/Build/iOS",
				);
				INFOPLIST_FILE = AckeeCookbookIOSTask/Info.plist;
				IPHONEOS_DEPLOYMENT_TARGET = 10.0;
				LD_RUNPATH_SEARCH_PATHS = (
					"$(inherited)",
					"@executable_path/Frameworks",
				);
				PRODUCT_BUNDLE_IDENTIFIER = me.ihormyroniuk.AckeeCookbookIOSTask;
				PRODUCT_NAME = "$(TARGET_NAME)";
				SWIFT_VERSION = 5.0;
				TARGETED_DEVICE_FAMILY = "1,2";
			};
			name = Debug;
		};
		3367D6F6242836940053A509 /* Release */ = {
			isa = XCBuildConfiguration;
			buildSettings = {
				ALWAYS_EMBED_SWIFT_STANDARD_LIBRARIES = YES;
				ASSETCATALOG_COMPILER_APPICON_NAME = AppIcon;
				CODE_SIGN_STYLE = Automatic;
				DEVELOPMENT_TEAM = M4U9YFW795;
				FRAMEWORK_SEARCH_PATHS = (
					"$(inherited)",
					"$(PROJECT_DIR)/Carthage/Build/iOS",
				);
				INFOPLIST_FILE = AckeeCookbookIOSTask/Info.plist;
				IPHONEOS_DEPLOYMENT_TARGET = 10.0;
				LD_RUNPATH_SEARCH_PATHS = (
					"$(inherited)",
					"@executable_path/Frameworks",
				);
				PRODUCT_BUNDLE_IDENTIFIER = me.ihormyroniuk.AckeeCookbookIOSTask;
				PRODUCT_NAME = "$(TARGET_NAME)";
				SWIFT_VERSION = 5.0;
				TARGETED_DEVICE_FAMILY = "1,2";
			};
			name = Release;
		};
/* End XCBuildConfiguration section */

/* Begin XCConfigurationList section */
		33114EB7242B84AB00B246BB /* Build configuration list for PBXNativeTarget "AckeeCookbookIOSTaskPresentation" */ = {
			isa = XCConfigurationList;
			buildConfigurations = (
				33114EB5242B84AB00B246BB /* Debug */,
				33114EB6242B84AB00B246BB /* Release */,
			);
			defaultConfigurationIsVisible = 0;
			defaultConfigurationName = Release;
		};
		33114ED3242BD06700B246BB /* Build configuration list for PBXNativeTarget "AckeeCookbookIOSTaskWebAPI" */ = {
			isa = XCConfigurationList;
			buildConfigurations = (
				33114ED4242BD06700B246BB /* Debug */,
				33114ED5242BD06700B246BB /* Release */,
			);
			defaultConfigurationIsVisible = 0;
			defaultConfigurationName = Release;
		};
		333F23F3242D155C00728DA8 /* Build configuration list for PBXNativeTarget "AckeeCookbookIOSTaskBusiness" */ = {
			isa = XCConfigurationList;
			buildConfigurations = (
				333F23F1242D155C00728DA8 /* Debug */,
				333F23F2242D155C00728DA8 /* Release */,
			);
			defaultConfigurationIsVisible = 0;
			defaultConfigurationName = Release;
		};
		3367D6DB242836930053A509 /* Build configuration list for PBXProject "AckeeCookbookIOSTask" */ = {
			isa = XCConfigurationList;
			buildConfigurations = (
				3367D6F2242836940053A509 /* Debug */,
				3367D6F3242836940053A509 /* Release */,
			);
			defaultConfigurationIsVisible = 0;
			defaultConfigurationName = Release;
		};
		3367D6F4242836940053A509 /* Build configuration list for PBXNativeTarget "AckeeCookbookIOSTask" */ = {
			isa = XCConfigurationList;
			buildConfigurations = (
				3367D6F5242836940053A509 /* Debug */,
				3367D6F6242836940053A509 /* Release */,
			);
			defaultConfigurationIsVisible = 0;
			defaultConfigurationName = Release;
		};
/* End XCConfigurationList section */
	};
	rootObject = 3367D6D8242836930053A509 /* Project object */;
}
