// !$*UTF8*$!
{
	archiveVersion = 1;
	classes = {
	};
	objectVersion = 51;
	objects = {

/* Begin PBXBuildFile section */
		33114E75242B7ABD00B246BB /* AUIKit.framework in Frameworks */ = {isa = PBXBuildFile; fileRef = 33114E74242B7ABD00B246BB /* AUIKit.framework */; };
		33114E79242B7BF400B246BB /* Application.swift in Sources */ = {isa = PBXBuildFile; fileRef = 33114E78242B7BF400B246BB /* Application.swift */; };
		33114E7B242B7C5B00B246BB /* main.swift in Sources */ = {isa = PBXBuildFile; fileRef = 33114E7A242B7C5B00B246BB /* main.swift */; };
		33114EAF242B84AB00B246BB /* AckeeCookbookIOSTaskPresentation.h in Headers */ = {isa = PBXBuildFile; fileRef = 33114EAD242B84AB00B246BB /* AckeeCookbookIOSTaskPresentation.h */; settings = {ATTRIBUTES = (Public, ); }; };
		33114EB2242B84AB00B246BB /* AckeeCookbookIOSTaskPresentation.framework in Frameworks */ = {isa = PBXBuildFile; fileRef = 33114EAB242B84AB00B246BB /* AckeeCookbookIOSTaskPresentation.framework */; };
		33114EB3242B84AB00B246BB /* AckeeCookbookIOSTaskPresentation.framework in Embed Frameworks */ = {isa = PBXBuildFile; fileRef = 33114EAB242B84AB00B246BB /* AckeeCookbookIOSTaskPresentation.framework */; settings = {ATTRIBUTES = (CodeSignOnCopy, RemoveHeadersOnCopy, ); }; };
		33114EB9242B85EF00B246BB /* Presentation.swift in Sources */ = {isa = PBXBuildFile; fileRef = 33114EB8242B85EF00B246BB /* Presentation.swift */; };
		33114EBA242B860F00B246BB /* AUIKit.framework in Frameworks */ = {isa = PBXBuildFile; fileRef = 33114E74242B7ABD00B246BB /* AUIKit.framework */; };
		33114EBF242B8A6C00B246BB /* IPhonePresentation.swift in Sources */ = {isa = PBXBuildFile; fileRef = 33114EBE242B8A6C00B246BB /* IPhonePresentation.swift */; };
		33114EC1242B8AFE00B246BB /* RecipesListScreenView.swift in Sources */ = {isa = PBXBuildFile; fileRef = 33114EC0242B8AFE00B246BB /* RecipesListScreenView.swift */; };
		33114EC3242B8B3000B246BB /* RecipesListScreenController.swift in Sources */ = {isa = PBXBuildFile; fileRef = 33114EC2242B8B3000B246BB /* RecipesListScreenController.swift */; };
		33114ECE242BD06700B246BB /* AckeeCookbookIOSTaskWebAPI.h in Headers */ = {isa = PBXBuildFile; fileRef = 33114ECC242BD06700B246BB /* AckeeCookbookIOSTaskWebAPI.h */; settings = {ATTRIBUTES = (Public, ); }; };
		33114ED1242BD06700B246BB /* AckeeCookbookIOSTaskWebAPI.framework in Frameworks */ = {isa = PBXBuildFile; fileRef = 33114ECA242BD06700B246BB /* AckeeCookbookIOSTaskWebAPI.framework */; };
		33114ED2242BD06700B246BB /* AckeeCookbookIOSTaskWebAPI.framework in Embed Frameworks */ = {isa = PBXBuildFile; fileRef = 33114ECA242BD06700B246BB /* AckeeCookbookIOSTaskWebAPI.framework */; settings = {ATTRIBUTES = (CodeSignOnCopy, RemoveHeadersOnCopy, ); }; };
		3367D6ED242836940053A509 /* Assets.xcassets in Resources */ = {isa = PBXBuildFile; fileRef = 3367D6EC242836940053A509 /* Assets.xcassets */; };
		3367D6F0242836940053A509 /* LaunchScreen.storyboard in Resources */ = {isa = PBXBuildFile; fileRef = 3367D6EE242836940053A509 /* LaunchScreen.storyboard */; };
/* End PBXBuildFile section */

/* Begin PBXContainerItemProxy section */
		33114EB0242B84AB00B246BB /* PBXContainerItemProxy */ = {
			isa = PBXContainerItemProxy;
			containerPortal = 3367D6D8242836930053A509 /* Project object */;
			proxyType = 1;
			remoteGlobalIDString = 33114EAA242B84AB00B246BB;
			remoteInfo = AckeeCookbookIOSTaskPresentation;
		};
		33114ECF242BD06700B246BB /* PBXContainerItemProxy */ = {
			isa = PBXContainerItemProxy;
			containerPortal = 3367D6D8242836930053A509 /* Project object */;
			proxyType = 1;
			remoteGlobalIDString = 33114EC9242BD06700B246BB;
			remoteInfo = AckeeCookbookIOSTaskWebAPI;
		};
/* End PBXContainerItemProxy section */

/* Begin PBXCopyFilesBuildPhase section */
		33114EB4242B84AB00B246BB /* Embed Frameworks */ = {
			isa = PBXCopyFilesBuildPhase;
			buildActionMask = 2147483647;
			dstPath = "";
			dstSubfolderSpec = 10;
			files = (
				33114ED2242BD06700B246BB /* AckeeCookbookIOSTaskWebAPI.framework in Embed Frameworks */,
				33114EB3242B84AB00B246BB /* AckeeCookbookIOSTaskPresentation.framework in Embed Frameworks */,
			);
			name = "Embed Frameworks";
			runOnlyForDeploymentPostprocessing = 0;
		};
/* End PBXCopyFilesBuildPhase section */

/* Begin PBXFileReference section */
		33114E74242B7ABD00B246BB /* AUIKit.framework */ = {isa = PBXFileReference; lastKnownFileType = wrapper.framework; name = AUIKit.framework; path = Carthage/Build/iOS/AUIKit.framework; sourceTree = "<group>"; };
		33114E78242B7BF400B246BB /* Application.swift */ = {isa = PBXFileReference; lastKnownFileType = sourcecode.swift; path = Application.swift; sourceTree = "<group>"; };
		33114E7A242B7C5B00B246BB /* main.swift */ = {isa = PBXFileReference; lastKnownFileType = sourcecode.swift; path = main.swift; sourceTree = "<group>"; };
		33114EAB242B84AB00B246BB /* AckeeCookbookIOSTaskPresentation.framework */ = {isa = PBXFileReference; explicitFileType = wrapper.framework; includeInIndex = 0; path = AckeeCookbookIOSTaskPresentation.framework; sourceTree = BUILT_PRODUCTS_DIR; };
		33114EAD242B84AB00B246BB /* AckeeCookbookIOSTaskPresentation.h */ = {isa = PBXFileReference; lastKnownFileType = sourcecode.c.h; path = AckeeCookbookIOSTaskPresentation.h; sourceTree = "<group>"; };
		33114EAE242B84AB00B246BB /* Info.plist */ = {isa = PBXFileReference; lastKnownFileType = text.plist.xml; path = Info.plist; sourceTree = "<group>"; };
		33114EB8242B85EF00B246BB /* Presentation.swift */ = {isa = PBXFileReference; lastKnownFileType = sourcecode.swift; path = Presentation.swift; sourceTree = "<group>"; };
		33114EBE242B8A6C00B246BB /* IPhonePresentation.swift */ = {isa = PBXFileReference; lastKnownFileType = sourcecode.swift; path = IPhonePresentation.swift; sourceTree = "<group>"; };
		33114EC0242B8AFE00B246BB /* RecipesListScreenView.swift */ = {isa = PBXFileReference; lastKnownFileType = sourcecode.swift; path = RecipesListScreenView.swift; sourceTree = "<group>"; };
		33114EC2242B8B3000B246BB /* RecipesListScreenController.swift */ = {isa = PBXFileReference; lastKnownFileType = sourcecode.swift; path = RecipesListScreenController.swift; sourceTree = "<group>"; };
		33114ECA242BD06700B246BB /* AckeeCookbookIOSTaskWebAPI.framework */ = {isa = PBXFileReference; explicitFileType = wrapper.framework; includeInIndex = 0; path = AckeeCookbookIOSTaskWebAPI.framework; sourceTree = BUILT_PRODUCTS_DIR; };
		33114ECC242BD06700B246BB /* AckeeCookbookIOSTaskWebAPI.h */ = {isa = PBXFileReference; lastKnownFileType = sourcecode.c.h; path = AckeeCookbookIOSTaskWebAPI.h; sourceTree = "<group>"; };
		33114ECD242BD06700B246BB /* Info.plist */ = {isa = PBXFileReference; lastKnownFileType = text.plist.xml; path = Info.plist; sourceTree = "<group>"; };
		3367D6E0242836930053A509 /* AckeeCookbookIOSTask.app */ = {isa = PBXFileReference; explicitFileType = wrapper.application; includeInIndex = 0; path = AckeeCookbookIOSTask.app; sourceTree = BUILT_PRODUCTS_DIR; };
		3367D6EC242836940053A509 /* Assets.xcassets */ = {isa = PBXFileReference; lastKnownFileType = folder.assetcatalog; path = Assets.xcassets; sourceTree = "<group>"; };
		3367D6EF242836940053A509 /* Base */ = {isa = PBXFileReference; lastKnownFileType = file.storyboard; name = Base; path = Base.lproj/LaunchScreen.storyboard; sourceTree = "<group>"; };
		3367D6F1242836940053A509 /* Info.plist */ = {isa = PBXFileReference; lastKnownFileType = text.plist.xml; path = Info.plist; sourceTree = "<group>"; };
/* End PBXFileReference section */

/* Begin PBXFrameworksBuildPhase section */
		33114EA8242B84AB00B246BB /* Frameworks */ = {
			isa = PBXFrameworksBuildPhase;
			buildActionMask = 2147483647;
			files = (
				33114EBA242B860F00B246BB /* AUIKit.framework in Frameworks */,
			);
			runOnlyForDeploymentPostprocessing = 0;
		};
		33114EC7242BD06700B246BB /* Frameworks */ = {
			isa = PBXFrameworksBuildPhase;
			buildActionMask = 2147483647;
			files = (
			);
			runOnlyForDeploymentPostprocessing = 0;
		};
		3367D6DD242836930053A509 /* Frameworks */ = {
			isa = PBXFrameworksBuildPhase;
			buildActionMask = 2147483647;
			files = (
				33114ED1242BD06700B246BB /* AckeeCookbookIOSTaskWebAPI.framework in Frameworks */,
				33114EB2242B84AB00B246BB /* AckeeCookbookIOSTaskPresentation.framework in Frameworks */,
				33114E75242B7ABD00B246BB /* AUIKit.framework in Frameworks */,
			);
			runOnlyForDeploymentPostprocessing = 0;
		};
/* End PBXFrameworksBuildPhase section */

/* Begin PBXGroup section */
		33114E73242B7ABD00B246BB /* Frameworks */ = {
			isa = PBXGroup;
			children = (
				33114E74242B7ABD00B246BB /* AUIKit.framework */,
			);
			name = Frameworks;
			sourceTree = "<group>";
		};
		33114EAC242B84AB00B246BB /* AckeeCookbookIOSTaskPresentation */ = {
			isa = PBXGroup;
			children = (
				33114EB8242B85EF00B246BB /* Presentation.swift */,
				33114EBE242B8A6C00B246BB /* IPhonePresentation.swift */,
				33114EBD242B8A3800B246BB /* Screens */,
				33114EAD242B84AB00B246BB /* AckeeCookbookIOSTaskPresentation.h */,
				33114EAE242B84AB00B246BB /* Info.plist */,
			);
			path = AckeeCookbookIOSTaskPresentation;
			sourceTree = "<group>";
		};
		33114EBD242B8A3800B246BB /* Screens */ = {
			isa = PBXGroup;
			children = (
				33114EC4242B900800B246BB /* RecipesList */,
			);
			path = Screens;
			sourceTree = "<group>";
		};
		33114EC4242B900800B246BB /* RecipesList */ = {
			isa = PBXGroup;
			children = (
				33114EC2242B8B3000B246BB /* RecipesListScreenController.swift */,
				33114EC0242B8AFE00B246BB /* RecipesListScreenView.swift */,
			);
			path = RecipesList;
			sourceTree = "<group>";
		};
		33114ECB242BD06700B246BB /* AckeeCookbookIOSTaskWebAPI */ = {
			isa = PBXGroup;
			children = (
				33114ECC242BD06700B246BB /* AckeeCookbookIOSTaskWebAPI.h */,
				33114ECD242BD06700B246BB /* Info.plist */,
			);
			path = AckeeCookbookIOSTaskWebAPI;
			sourceTree = "<group>";
		};
		3367D6D7242836930053A509 = {
			isa = PBXGroup;
			children = (
				3367D6E2242836930053A509 /* AckeeCookbookIOSTask */,
				33114EAC242B84AB00B246BB /* AckeeCookbookIOSTaskPresentation */,
				33114ECB242BD06700B246BB /* AckeeCookbookIOSTaskWebAPI */,
				3367D6E1242836930053A509 /* Products */,
				33114E73242B7ABD00B246BB /* Frameworks */,
			);
			sourceTree = "<group>";
		};
		3367D6E1242836930053A509 /* Products */ = {
			isa = PBXGroup;
			children = (
				3367D6E0242836930053A509 /* AckeeCookbookIOSTask.app */,
				33114EAB242B84AB00B246BB /* AckeeCookbookIOSTaskPresentation.framework */,
				33114ECA242BD06700B246BB /* AckeeCookbookIOSTaskWebAPI.framework */,
			);
			name = Products;
			sourceTree = "<group>";
		};
		3367D6E2242836930053A509 /* AckeeCookbookIOSTask */ = {
			isa = PBXGroup;
			children = (
				33114E7A242B7C5B00B246BB /* main.swift */,
				33114E78242B7BF400B246BB /* Application.swift */,
				3367D6EC242836940053A509 /* Assets.xcassets */,
				3367D6EE242836940053A509 /* LaunchScreen.storyboard */,
				3367D6F1242836940053A509 /* Info.plist */,
			);
			path = AckeeCookbookIOSTask;
			sourceTree = "<group>";
		};
/* End PBXGroup section */

/* Begin PBXHeadersBuildPhase section */
		33114EA6242B84AB00B246BB /* Headers */ = {
			isa = PBXHeadersBuildPhase;
			buildActionMask = 2147483647;
			files = (
				33114EAF242B84AB00B246BB /* AckeeCookbookIOSTaskPresentation.h in Headers */,
			);
			runOnlyForDeploymentPostprocessing = 0;
		};
		33114EC5242BD06700B246BB /* Headers */ = {
			isa = PBXHeadersBuildPhase;
			buildActionMask = 2147483647;
			files = (
				33114ECE242BD06700B246BB /* AckeeCookbookIOSTaskWebAPI.h in Headers */,
			);
			runOnlyForDeploymentPostprocessing = 0;
		};
/* End PBXHeadersBuildPhase section */

/* Begin PBXNativeTarget section */
		33114EAA242B84AB00B246BB /* AckeeCookbookIOSTaskPresentation */ = {
			isa = PBXNativeTarget;
			buildConfigurationList = 33114EB7242B84AB00B246BB /* Build configuration list for PBXNativeTarget "AckeeCookbookIOSTaskPresentation" */;
			buildPhases = (
				33114EA6242B84AB00B246BB /* Headers */,
				33114EA7242B84AB00B246BB /* Sources */,
				33114EA8242B84AB00B246BB /* Frameworks */,
				33114EA9242B84AB00B246BB /* Resources */,
			);
			buildRules = (
			);
			dependencies = (
			);
			name = AckeeCookbookIOSTaskPresentation;
			productName = AckeeCookbookIOSTaskPresentation;
			productReference = 33114EAB242B84AB00B246BB /* AckeeCookbookIOSTaskPresentation.framework */;
			productType = "com.apple.product-type.framework";
		};
		33114EC9242BD06700B246BB /* AckeeCookbookIOSTaskWebAPI */ = {
			isa = PBXNativeTarget;
			buildConfigurationList = 33114ED3242BD06700B246BB /* Build configuration list for PBXNativeTarget "AckeeCookbookIOSTaskWebAPI" */;
			buildPhases = (
				33114EC5242BD06700B246BB /* Headers */,
				33114EC6242BD06700B246BB /* Sources */,
				33114EC7242BD06700B246BB /* Frameworks */,
				33114EC8242BD06700B246BB /* Resources */,
			);
			buildRules = (
			);
			dependencies = (
			);
			name = AckeeCookbookIOSTaskWebAPI;
			productName = AckeeCookbookIOSTaskWebAPI;
			productReference = 33114ECA242BD06700B246BB /* AckeeCookbookIOSTaskWebAPI.framework */;
			productType = "com.apple.product-type.framework";
		};
		3367D6DF242836930053A509 /* AckeeCookbookIOSTask */ = {
			isa = PBXNativeTarget;
			buildConfigurationList = 3367D6F4242836940053A509 /* Build configuration list for PBXNativeTarget "AckeeCookbookIOSTask" */;
			buildPhases = (
				3367D6DC242836930053A509 /* Sources */,
				3367D6DD242836930053A509 /* Frameworks */,
				3367D6DE242836930053A509 /* Resources */,
				3364DF032429095300BF1C1E /* Run Script Carthage */,
				3364DF04242909BD00BF1C1E /* Run Script Carthage Outdated */,
				33114EB4242B84AB00B246BB /* Embed Frameworks */,
			);
			buildRules = (
			);
			dependencies = (
				33114EB1242B84AB00B246BB /* PBXTargetDependency */,
				33114ED0242BD06700B246BB /* PBXTargetDependency */,
			);
			name = AckeeCookbookIOSTask;
			productName = AckeeCookbookIOSTask;
			productReference = 3367D6E0242836930053A509 /* AckeeCookbookIOSTask.app */;
			productType = "com.apple.product-type.application";
		};
/* End PBXNativeTarget section */

/* Begin PBXProject section */
		3367D6D8242836930053A509 /* Project object */ = {
			isa = PBXProject;
			attributes = {
				LastSwiftUpdateCheck = 1120;
				LastUpgradeCheck = 1120;
				ORGANIZATIONNAME = "Ihor Myroniuk";
				TargetAttributes = {
					33114EAA242B84AB00B246BB = {
						CreatedOnToolsVersion = 11.2.1;
						LastSwiftMigration = 1120;
					};
					33114EC9242BD06700B246BB = {
						CreatedOnToolsVersion = 11.2.1;
					};
					3367D6DF242836930053A509 = {
						CreatedOnToolsVersion = 11.2.1;
					};
				};
			};
			buildConfigurationList = 3367D6DB242836930053A509 /* Build configuration list for PBXProject "AckeeCookbookIOSTask" */;
			compatibilityVersion = "Xcode 9.3";
			developmentRegion = en;
			hasScannedForEncodings = 0;
			knownRegions = (
				en,
				Base,
			);
			mainGroup = 3367D6D7242836930053A509;
			productRefGroup = 3367D6E1242836930053A509 /* Products */;
			projectDirPath = "";
			projectRoot = "";
			targets = (
				3367D6DF242836930053A509 /* AckeeCookbookIOSTask */,
				33114EAA242B84AB00B246BB /* AckeeCookbookIOSTaskPresentation */,
				33114EC9242BD06700B246BB /* AckeeCookbookIOSTaskWebAPI */,
			);
		};
/* End PBXProject section */

/* Begin PBXResourcesBuildPhase section */
		33114EA9242B84AB00B246BB /* Resources */ = {
			isa = PBXResourcesBuildPhase;
			buildActionMask = 2147483647;
			files = (
			);
			runOnlyForDeploymentPostprocessing = 0;
		};
		33114EC8242BD06700B246BB /* Resources */ = {
			isa = PBXResourcesBuildPhase;
			buildActionMask = 2147483647;
			files = (
			);
			runOnlyForDeploymentPostprocessing = 0;
		};
		3367D6DE242836930053A509 /* Resources */ = {
			isa = PBXResourcesBuildPhase;
			buildActionMask = 2147483647;
			files = (
				3367D6F0242836940053A509 /* LaunchScreen.storyboard in Resources */,
				3367D6ED242836940053A509 /* Assets.xcassets in Resources */,
			);
			runOnlyForDeploymentPostprocessing = 0;
		};
/* End PBXResourcesBuildPhase section */

/* Begin PBXShellScriptBuildPhase section */
		3364DF032429095300BF1C1E /* Run Script Carthage */ = {
			isa = PBXShellScriptBuildPhase;
			buildActionMask = 2147483647;
			files = (
			);
			inputFileListPaths = (
				"$(SRCROOT)/input.xcfilelist",
			);
			inputPaths = (
			);
			name = "Run Script Carthage";
			outputFileListPaths = (
				"$(SRCROOT)/output.xcfilelist",
			);
			outputPaths = (
			);
			runOnlyForDeploymentPostprocessing = 0;
			shellPath = /bin/sh;
			shellScript = "/usr/local/bin/carthage copy-frameworks\n";
		};
		3364DF04242909BD00BF1C1E /* Run Script Carthage Outdated */ = {
			isa = PBXShellScriptBuildPhase;
			buildActionMask = 2147483647;
			files = (
			);
			inputFileListPaths = (
			);
			inputPaths = (
			);
			name = "Run Script Carthage Outdated";
			outputFileListPaths = (
			);
			outputPaths = (
			);
			runOnlyForDeploymentPostprocessing = 0;
			shellPath = /bin/sh;
			shellScript = "/usr/local/bin/carthage outdated --xcode-warnings 2>/dev/null\n";
		};
/* End PBXShellScriptBuildPhase section */

/* Begin PBXSourcesBuildPhase section */
		33114EA7242B84AB00B246BB /* Sources */ = {
			isa = PBXSourcesBuildPhase;
			buildActionMask = 2147483647;
			files = (
				33114EBF242B8A6C00B246BB /* IPhonePresentation.swift in Sources */,
				33114EC1242B8AFE00B246BB /* RecipesListScreenView.swift in Sources */,
				33114EB9242B85EF00B246BB /* Presentation.swift in Sources */,
				33114EC3242B8B3000B246BB /* RecipesListScreenController.swift in Sources */,
			);
			runOnlyForDeploymentPostprocessing = 0;
		};
		33114EC6242BD06700B246BB /* Sources */ = {
			isa = PBXSourcesBuildPhase;
			buildActionMask = 2147483647;
			files = (
			);
			runOnlyForDeploymentPostprocessing = 0;
		};
		3367D6DC242836930053A509 /* Sources */ = {
			isa = PBXSourcesBuildPhase;
			buildActionMask = 2147483647;
			files = (
				33114E79242B7BF400B246BB /* Application.swift in Sources */,
				33114E7B242B7C5B00B246BB /* main.swift in Sources */,
			);
			runOnlyForDeploymentPostprocessing = 0;
		};
/* End PBXSourcesBuildPhase section */

/* Begin PBXTargetDependency section */
		33114EB1242B84AB00B246BB /* PBXTargetDependency */ = {
			isa = PBXTargetDependency;
			target = 33114EAA242B84AB00B246BB /* AckeeCookbookIOSTaskPresentation */;
			targetProxy = 33114EB0242B84AB00B246BB /* PBXContainerItemProxy */;
		};
		33114ED0242BD06700B246BB /* PBXTargetDependency */ = {
			isa = PBXTargetDependency;
			target = 33114EC9242BD06700B246BB /* AckeeCookbookIOSTaskWebAPI */;
			targetProxy = 33114ECF242BD06700B246BB /* PBXContainerItemProxy */;
		};
/* End PBXTargetDependency section */

/* Begin PBXVariantGroup section */
		3367D6EE242836940053A509 /* LaunchScreen.storyboard */ = {
			isa = PBXVariantGroup;
			children = (
				3367D6EF242836940053A509 /* Base */,
			);
			name = LaunchScreen.storyboard;
			sourceTree = "<group>";
		};
/* End PBXVariantGroup section */

/* Begin XCBuildConfiguration section */
		33114EB5242B84AB00B246BB /* Debug */ = {
			isa = XCBuildConfiguration;
			buildSettings = {
				CLANG_ENABLE_MODULES = YES;
				CODE_SIGN_STYLE = Automatic;
				CURRENT_PROJECT_VERSION = 1;
				DEFINES_MODULE = YES;
				DEVELOPMENT_TEAM = M4U9YFW795;
				DYLIB_COMPATIBILITY_VERSION = 1;
				DYLIB_CURRENT_VERSION = 1;
				DYLIB_INSTALL_NAME_BASE = "@rpath";
				FRAMEWORK_SEARCH_PATHS = (
					"$(inherited)",
					"$(PROJECT_DIR)/Carthage/Build/iOS",
				);
				INFOPLIST_FILE = AckeeCookbookIOSTaskPresentation/Info.plist;
				INSTALL_PATH = "$(LOCAL_LIBRARY_DIR)/Frameworks";
				IPHONEOS_DEPLOYMENT_TARGET = 10.0;
				LD_RUNPATH_SEARCH_PATHS = (
					"$(inherited)",
					"@executable_path/Frameworks",
					"@loader_path/Frameworks",
				);
				PRODUCT_BUNDLE_IDENTIFIER = me.ihormyroniuk.AckeeCookbookIOSTaskPresentation;
				PRODUCT_NAME = "$(TARGET_NAME:c99extidentifier)";
				SKIP_INSTALL = YES;
				SWIFT_OPTIMIZATION_LEVEL = "-Onone";
				SWIFT_VERSION = 5.0;
				TARGETED_DEVICE_FAMILY = "1,2";
				VERSIONING_SYSTEM = "apple-generic";
				VERSION_INFO_PREFIX = "";
			};
			name = Debug;
		};
		33114EB6242B84AB00B246BB /* Release */ = {
			isa = XCBuildConfiguration;
			buildSettings = {
				CLANG_ENABLE_MODULES = YES;
				CODE_SIGN_STYLE = Automatic;
				CURRENT_PROJECT_VERSION = 1;
				DEFINES_MODULE = YES;
				DEVELOPMENT_TEAM = M4U9YFW795;
				DYLIB_COMPATIBILITY_VERSION = 1;
				DYLIB_CURRENT_VERSION = 1;
				DYLIB_INSTALL_NAME_BASE = "@rpath";
				FRAMEWORK_SEARCH_PATHS = (
					"$(inherited)",
					"$(PROJECT_DIR)/Carthage/Build/iOS",
				);
				INFOPLIST_FILE = AckeeCookbookIOSTaskPresentation/Info.plist;
				INSTALL_PATH = "$(LOCAL_LIBRARY_DIR)/Frameworks";
				IPHONEOS_DEPLOYMENT_TARGET = 10.0;
				LD_RUNPATH_SEARCH_PATHS = (
					"$(inherited)",
					"@executable_path/Frameworks",
					"@loader_path/Frameworks",
				);
				PRODUCT_BUNDLE_IDENTIFIER = me.ihormyroniuk.AckeeCookbookIOSTaskPresentation;
				PRODUCT_NAME = "$(TARGET_NAME:c99extidentifier)";
				SKIP_INSTALL = YES;
				SWIFT_VERSION = 5.0;
				TARGETED_DEVICE_FAMILY = "1,2";
				VERSIONING_SYSTEM = "apple-generic";
				VERSION_INFO_PREFIX = "";
			};
			name = Release;
		};
		33114ED4242BD06700B246BB /* Debug */ = {
			isa = XCBuildConfiguration;
			buildSettings = {
				CODE_SIGN_STYLE = Automatic;
				CURRENT_PROJECT_VERSION = 1;
				DEFINES_MODULE = YES;
				DEVELOPMENT_TEAM = M4U9YFW795;
				DYLIB_COMPATIBILITY_VERSION = 1;
				DYLIB_CURRENT_VERSION = 1;
				DYLIB_INSTALL_NAME_BASE = "@rpath";
				INFOPLIST_FILE = AckeeCookbookIOSTaskWebAPI/Info.plist;
				INSTALL_PATH = "$(LOCAL_LIBRARY_DIR)/Frameworks";
				LD_RUNPATH_SEARCH_PATHS = (
					"$(inherited)",
					"@executable_path/Frameworks",
					"@loader_path/Frameworks",
				);
				PRODUCT_BUNDLE_IDENTIFIER = me.ihormyroniuk.AckeeCookbookIOSTaskWebAPI;
				PRODUCT_NAME = "$(TARGET_NAME:c99extidentifier)";
				SKIP_INSTALL = YES;
				SWIFT_VERSION = 5.0;
				TARGETED_DEVICE_FAMILY = "1,2";
				VERSIONING_SYSTEM = "apple-generic";
				VERSION_INFO_PREFIX = "";
			};
			name = Debug;
		};
		33114ED5242BD06700B246BB /* Release */ = {
			isa = XCBuildConfiguration;
			buildSettings = {
				CODE_SIGN_STYLE = Automatic;
				CURRENT_PROJECT_VERSION = 1;
				DEFINES_MODULE = YES;
				DEVELOPMENT_TEAM = M4U9YFW795;
				DYLIB_COMPATIBILITY_VERSION = 1;
				DYLIB_CURRENT_VERSION = 1;
				DYLIB_INSTALL_NAME_BASE = "@rpath";
				INFOPLIST_FILE = AckeeCookbookIOSTaskWebAPI/Info.plist;
				INSTALL_PATH = "$(LOCAL_LIBRARY_DIR)/Frameworks";
				LD_RUNPATH_SEARCH_PATHS = (
					"$(inherited)",
					"@executable_path/Frameworks",
					"@loader_path/Frameworks",
				);
				PRODUCT_BUNDLE_IDENTIFIER = me.ihormyroniuk.AckeeCookbookIOSTaskWebAPI;
				PRODUCT_NAME = "$(TARGET_NAME:c99extidentifier)";
				SKIP_INSTALL = YES;
				SWIFT_VERSION = 5.0;
				TARGETED_DEVICE_FAMILY = "1,2";
				VERSIONING_SYSTEM = "apple-generic";
				VERSION_INFO_PREFIX = "";
			};
			name = Release;
		};
		3367D6F2242836940053A509 /* Debug */ = {
			isa = XCBuildConfiguration;
			buildSettings = {
				ALWAYS_SEARCH_USER_PATHS = NO;
				CLANG_ANALYZER_NONNULL = YES;
				CLANG_ANALYZER_NUMBER_OBJECT_CONVERSION = YES_AGGRESSIVE;
				CLANG_CXX_LANGUAGE_STANDARD = "gnu++14";
				CLANG_CXX_LIBRARY = "libc++";
				CLANG_ENABLE_MODULES = YES;
				CLANG_ENABLE_OBJC_ARC = YES;
				CLANG_ENABLE_OBJC_WEAK = YES;
				CLANG_WARN_BLOCK_CAPTURE_AUTORELEASING = YES;
				CLANG_WARN_BOOL_CONVERSION = YES;
				CLANG_WARN_COMMA = YES;
				CLANG_WARN_CONSTANT_CONVERSION = YES;
				CLANG_WARN_DEPRECATED_OBJC_IMPLEMENTATIONS = YES;
				CLANG_WARN_DIRECT_OBJC_ISA_USAGE = YES_ERROR;
				CLANG_WARN_DOCUMENTATION_COMMENTS = YES;
				CLANG_WARN_EMPTY_BODY = YES;
				CLANG_WARN_ENUM_CONVERSION = YES;
				CLANG_WARN_INFINITE_RECURSION = YES;
				CLANG_WARN_INT_CONVERSION = YES;
				CLANG_WARN_NON_LITERAL_NULL_CONVERSION = YES;
				CLANG_WARN_OBJC_IMPLICIT_RETAIN_SELF = YES;
				CLANG_WARN_OBJC_LITERAL_CONVERSION = YES;
				CLANG_WARN_OBJC_ROOT_CLASS = YES_ERROR;
				CLANG_WARN_RANGE_LOOP_ANALYSIS = YES;
				CLANG_WARN_STRICT_PROTOTYPES = YES;
				CLANG_WARN_SUSPICIOUS_MOVE = YES;
				CLANG_WARN_UNGUARDED_AVAILABILITY = YES_AGGRESSIVE;
				CLANG_WARN_UNREACHABLE_CODE = YES;
				CLANG_WARN__DUPLICATE_METHOD_MATCH = YES;
				COPY_PHASE_STRIP = NO;
				DEBUG_INFORMATION_FORMAT = dwarf;
				ENABLE_STRICT_OBJC_MSGSEND = YES;
				ENABLE_TESTABILITY = YES;
				GCC_C_LANGUAGE_STANDARD = gnu11;
				GCC_DYNAMIC_NO_PIC = NO;
				GCC_NO_COMMON_BLOCKS = YES;
				GCC_OPTIMIZATION_LEVEL = 0;
				GCC_PREPROCESSOR_DEFINITIONS = (
					"DEBUG=1",
					"$(inherited)",
				);
				GCC_WARN_64_TO_32_BIT_CONVERSION = YES;
				GCC_WARN_ABOUT_RETURN_TYPE = YES_ERROR;
				GCC_WARN_UNDECLARED_SELECTOR = YES;
				GCC_WARN_UNINITIALIZED_AUTOS = YES_AGGRESSIVE;
				GCC_WARN_UNUSED_FUNCTION = YES;
				GCC_WARN_UNUSED_VARIABLE = YES;
				IPHONEOS_DEPLOYMENT_TARGET = 13.2;
				MTL_ENABLE_DEBUG_INFO = INCLUDE_SOURCE;
				MTL_FAST_MATH = YES;
				ONLY_ACTIVE_ARCH = YES;
				SDKROOT = iphoneos;
				SWIFT_ACTIVE_COMPILATION_CONDITIONS = DEBUG;
				SWIFT_OPTIMIZATION_LEVEL = "-Onone";
			};
			name = Debug;
		};
		3367D6F3242836940053A509 /* Release */ = {
			isa = XCBuildConfiguration;
			buildSettings = {
				ALWAYS_SEARCH_USER_PATHS = NO;
				CLANG_ANALYZER_NONNULL = YES;
				CLANG_ANALYZER_NUMBER_OBJECT_CONVERSION = YES_AGGRESSIVE;
				CLANG_CXX_LANGUAGE_STANDARD = "gnu++14";
				CLANG_CXX_LIBRARY = "libc++";
				CLANG_ENABLE_MODULES = YES;
				CLANG_ENABLE_OBJC_ARC = YES;
				CLANG_ENABLE_OBJC_WEAK = YES;
				CLANG_WARN_BLOCK_CAPTURE_AUTORELEASING = YES;
				CLANG_WARN_BOOL_CONVERSION = YES;
				CLANG_WARN_COMMA = YES;
				CLANG_WARN_CONSTANT_CONVERSION = YES;
				CLANG_WARN_DEPRECATED_OBJC_IMPLEMENTATIONS = YES;
				CLANG_WARN_DIRECT_OBJC_ISA_USAGE = YES_ERROR;
				CLANG_WARN_DOCUMENTATION_COMMENTS = YES;
				CLANG_WARN_EMPTY_BODY = YES;
				CLANG_WARN_ENUM_CONVERSION = YES;
				CLANG_WARN_INFINITE_RECURSION = YES;
				CLANG_WARN_INT_CONVERSION = YES;
				CLANG_WARN_NON_LITERAL_NULL_CONVERSION = YES;
				CLANG_WARN_OBJC_IMPLICIT_RETAIN_SELF = YES;
				CLANG_WARN_OBJC_LITERAL_CONVERSION = YES;
				CLANG_WARN_OBJC_ROOT_CLASS = YES_ERROR;
				CLANG_WARN_RANGE_LOOP_ANALYSIS = YES;
				CLANG_WARN_STRICT_PROTOTYPES = YES;
				CLANG_WARN_SUSPICIOUS_MOVE = YES;
				CLANG_WARN_UNGUARDED_AVAILABILITY = YES_AGGRESSIVE;
				CLANG_WARN_UNREACHABLE_CODE = YES;
				CLANG_WARN__DUPLICATE_METHOD_MATCH = YES;
				COPY_PHASE_STRIP = NO;
				DEBUG_INFORMATION_FORMAT = "dwarf-with-dsym";
				ENABLE_NS_ASSERTIONS = NO;
				ENABLE_STRICT_OBJC_MSGSEND = YES;
				GCC_C_LANGUAGE_STANDARD = gnu11;
				GCC_NO_COMMON_BLOCKS = YES;
				GCC_WARN_64_TO_32_BIT_CONVERSION = YES;
				GCC_WARN_ABOUT_RETURN_TYPE = YES_ERROR;
				GCC_WARN_UNDECLARED_SELECTOR = YES;
				GCC_WARN_UNINITIALIZED_AUTOS = YES_AGGRESSIVE;
				GCC_WARN_UNUSED_FUNCTION = YES;
				GCC_WARN_UNUSED_VARIABLE = YES;
				IPHONEOS_DEPLOYMENT_TARGET = 13.2;
				MTL_ENABLE_DEBUG_INFO = NO;
				MTL_FAST_MATH = YES;
				SDKROOT = iphoneos;
				SWIFT_COMPILATION_MODE = wholemodule;
				SWIFT_OPTIMIZATION_LEVEL = "-O";
				VALIDATE_PRODUCT = YES;
			};
			name = Release;
		};
		3367D6F5242836940053A509 /* Debug */ = {
			isa = XCBuildConfiguration;
			buildSettings = {
				ALWAYS_EMBED_SWIFT_STANDARD_LIBRARIES = YES;
				ASSETCATALOG_COMPILER_APPICON_NAME = AppIcon;
				CODE_SIGN_STYLE = Automatic;
				DEVELOPMENT_TEAM = M4U9YFW795;
				FRAMEWORK_SEARCH_PATHS = (
					"$(inherited)",
					"$(PROJECT_DIR)/Carthage/Build/iOS",
				);
				INFOPLIST_FILE = AckeeCookbookIOSTask/Info.plist;
				IPHONEOS_DEPLOYMENT_TARGET = 10.0;
				LD_RUNPATH_SEARCH_PATHS = (
					"$(inherited)",
					"@executable_path/Frameworks",
				);
				PRODUCT_BUNDLE_IDENTIFIER = me.ihormyroniuk.AckeeCookbookIOSTask;
				PRODUCT_NAME = "$(TARGET_NAME)";
				SWIFT_VERSION = 5.0;
				TARGETED_DEVICE_FAMILY = "1,2";
			};
			name = Debug;
		};
		3367D6F6242836940053A509 /* Release */ = {
			isa = XCBuildConfiguration;
			buildSettings = {
				ALWAYS_EMBED_SWIFT_STANDARD_LIBRARIES = YES;
				ASSETCATALOG_COMPILER_APPICON_NAME = AppIcon;
				CODE_SIGN_STYLE = Automatic;
				DEVELOPMENT_TEAM = M4U9YFW795;
				FRAMEWORK_SEARCH_PATHS = (
					"$(inherited)",
					"$(PROJECT_DIR)/Carthage/Build/iOS",
				);
				INFOPLIST_FILE = AckeeCookbookIOSTask/Info.plist;
				IPHONEOS_DEPLOYMENT_TARGET = 10.0;
				LD_RUNPATH_SEARCH_PATHS = (
					"$(inherited)",
					"@executable_path/Frameworks",
				);
				PRODUCT_BUNDLE_IDENTIFIER = me.ihormyroniuk.AckeeCookbookIOSTask;
				PRODUCT_NAME = "$(TARGET_NAME)";
				SWIFT_VERSION = 5.0;
				TARGETED_DEVICE_FAMILY = "1,2";
			};
			name = Release;
		};
/* End XCBuildConfiguration section */

/* Begin XCConfigurationList section */
		33114EB7242B84AB00B246BB /* Build configuration list for PBXNativeTarget "AckeeCookbookIOSTaskPresentation" */ = {
			isa = XCConfigurationList;
			buildConfigurations = (
				33114EB5242B84AB00B246BB /* Debug */,
				33114EB6242B84AB00B246BB /* Release */,
			);
			defaultConfigurationIsVisible = 0;
			defaultConfigurationName = Release;
		};
		33114ED3242BD06700B246BB /* Build configuration list for PBXNativeTarget "AckeeCookbookIOSTaskWebAPI" */ = {
			isa = XCConfigurationList;
			buildConfigurations = (
				33114ED4242BD06700B246BB /* Debug */,
				33114ED5242BD06700B246BB /* Release */,
			);
			defaultConfigurationIsVisible = 0;
			defaultConfigurationName = Release;
		};
		3367D6DB242836930053A509 /* Build configuration list for PBXProject "AckeeCookbookIOSTask" */ = {
			isa = XCConfigurationList;
			buildConfigurations = (
				3367D6F2242836940053A509 /* Debug */,
				3367D6F3242836940053A509 /* Release */,
			);
			defaultConfigurationIsVisible = 0;
			defaultConfigurationName = Release;
		};
		3367D6F4242836940053A509 /* Build configuration list for PBXNativeTarget "AckeeCookbookIOSTask" */ = {
			isa = XCConfigurationList;
			buildConfigurations = (
				3367D6F5242836940053A509 /* Debug */,
				3367D6F6242836940053A509 /* Release */,
			);
			defaultConfigurationIsVisible = 0;
			defaultConfigurationName = Release;
		};
/* End XCConfigurationList section */
	};
	rootObject = 3367D6D8242836930053A509 /* Project object */;
}
